
Microsoft Visual Studio Solution File, Format Version 12.00
# Visual Studio Version 17
VisualStudioVersion = 17.11.35222.181
MinimumVisualStudioVersion = 10.0.40219.1
Project("{FAE04EC0-301F-11D3-BF4B-00C04F79EFBC}") = "Ex_3.2.4", "Module_3\Ex_3.2.4.csproj", "{4E9AE1CB-3852-4719-9AA7-CDA603BEA86B}"
EndProject
Project("{2150E333-8FDC-42A3-9474-1A3956D46DE8}") = "Module 3", "Module 3", "{44E6CE0A-96F2-4523-A84A-FD70E5C0E109}"
EndProject
Project("{2150E333-8FDC-42A3-9474-1A3956D46DE8}") = "Ex_324", "Ex_324", "{7CD98D03-3CE5-47D7-8F2A-ECA2EBA001FA}"
EndProject
Project("{2150E333-8FDC-42A3-9474-1A3956D46DE8}") = "Ex_332", "Ex_332", "{BA6360E7-E90F-4858-8814-33DCBC43F7E5}"
EndProject
Project("{FAE04EC0-301F-11D3-BF4B-00C04F79EFBC}") = "Ex_3.3.2", "Ex_3.3.2\Ex_3.3.2.csproj", "{138586C7-B6AE-42BC-B771-C7C04EF70733}"
EndProject
Global
	GlobalSection(SolutionConfigurationPlatforms) = preSolution
		Debug|Any CPU = Debug|Any CPU
		Release|Any CPU = Release|Any CPU
	EndGlobalSection
	GlobalSection(ProjectConfigurationPlatforms) = postSolution
		{4E9AE1CB-3852-4719-9AA7-CDA603BEA86B}.Debug|Any CPU.ActiveCfg = Debug|Any CPU
		{4E9AE1CB-3852-4719-9AA7-CDA603BEA86B}.Debug|Any CPU.Build.0 = Debug|Any CPU
		{4E9AE1CB-3852-4719-9AA7-CDA603BEA86B}.Release|Any CPU.ActiveCfg = Release|Any CPU
		{4E9AE1CB-3852-4719-9AA7-CDA603BEA86B}.Release|Any CPU.Build.0 = Release|Any CPU
		{138586C7-B6AE-42BC-B771-C7C04EF70733}.Debug|Any CPU.ActiveCfg = Debug|Any CPU
		{138586C7-B6AE-42BC-B771-C7C04EF70733}.Debug|Any CPU.Build.0 = Debug|Any CPU
		{138586C7-B6AE-42BC-B771-C7C04EF70733}.Release|Any CPU.ActiveCfg = Release|Any CPU
		{138586C7-B6AE-42BC-B771-C7C04EF70733}.Release|Any CPU.Build.0 = Release|Any CPU
	EndGlobalSection
	GlobalSection(SolutionProperties) = preSolution
		HideSolutionNode = FALSE
	EndGlobalSection
	GlobalSection(NestedProjects) = preSolution
		{4E9AE1CB-3852-4719-9AA7-CDA603BEA86B} = {7CD98D03-3CE5-47D7-8F2A-ECA2EBA001FA}
		{7CD98D03-3CE5-47D7-8F2A-ECA2EBA001FA} = {44E6CE0A-96F2-4523-A84A-FD70E5C0E109}
		{BA6360E7-E90F-4858-8814-33DCBC43F7E5} = {44E6CE0A-96F2-4523-A84A-FD70E5C0E109}
		{138586C7-B6AE-42BC-B771-C7C04EF70733} = {BA6360E7-E90F-4858-8814-33DCBC43F7E5}
	EndGlobalSection
	GlobalSection(ExtensibilityGlobals) = postSolution
		SolutionGuid = {76411D77-ACB9-4A08-8204-A6847D7F651E}
	EndGlobalSection
EndGlobal
