
Microsoft Visual Studio Solution File, Format Version 12.00
# Visual Studio Version 17
VisualStudioVersion = 17.11.35222.181
MinimumVisualStudioVersion = 10.0.40219.1
Project("{FAE04EC0-301F-11D3-BF4B-00C04F79EFBC}") = "Ex_3.2.4", "Module_3\Ex_3.2.4.csproj", "{4E9AE1CB-3852-4719-9AA7-CDA603BEA86B}"
EndProject
Project("{2150E333-8FDC-42A3-9474-1A3956D46DE8}") = "Module 3", "Module 3", "{44E6CE0A-96F2-4523-A84A-FD70E5C0E109}"
EndProject
Project("{2150E333-8FDC-42A3-9474-1A3956D46DE8}") = "Ex_324", "Ex_324", "{7CD98D03-3CE5-47D7-8F2A-ECA2EBA001FA}"
EndProject
Project("{2150E333-8FDC-42A3-9474-1A3956D46DE8}") = "Ex_332", "Ex_332", "{BA6360E7-E90F-4858-8814-33DCBC43F7E5}"
EndProject
Project("{FAE04EC0-301F-11D3-BF4B-00C04F79EFBC}") = "Ex_3.3.2", "Ex_3.3.2\Ex_3.3.2.csproj", "{138586C7-B6AE-42BC-B771-C7C04EF70733}"
EndProject
Project("{2150E333-8FDC-42A3-9474-1A3956D46DE8}") = "Ex_343", "Ex_343", "{6B9E255A-ABDB-4BE0-92B7-71E25E436828}"
EndProject
Project("{FAE04EC0-301F-11D3-BF4B-00C04F79EFBC}") = "Ex_3.4.3", "Ex_3.4.3\Ex_3.4.3.csproj", "{FFD266EB-81C9-416C-A82D-19A8A7D2EDE6}"
EndProject
Project("{2150E333-8FDC-42A3-9474-1A3956D46DE8}") = "Ex_368", "Ex_368", "{E7C7BFAE-7CFE-40C3-9967-ECFCDFC0B3AC}"
EndProject
Project("{FAE04EC0-301F-11D3-BF4B-00C04F79EFBC}") = "Ex_3.6.8", "Ex_3.6.8\Ex_3.6.8.csproj", "{763D4F7D-1B7B-4CAE-BD64-CE1D796352C1}"
EndProject
Project("{2150E333-8FDC-42A3-9474-1A3956D46DE8}") = "Final Ex", "Final Ex", "{D83CCDD3-4F99-4CB3-B081-66F20F06C4E8}"
EndProject
Project("{FAE04EC0-301F-11D3-BF4B-00C04F79EFBC}") = "Fin_Ex", "Ex_3.7.2\Fin_Ex.csproj", "{A88061AC-7AAE-4C33-BD92-8BE4F6185480}"
EndProject
Project("{2150E333-8FDC-42A3-9474-1A3956D46DE8}") = "Module 4", "Module 4", "{E7EF882F-D482-4BCC-BFD3-D98BEBCE9360}"
EndProject
Project("{2150E333-8FDC-42A3-9474-1A3956D46DE8}") = "Ex_4.1.4", "Ex_4.1.4", "{F1094124-5AB0-47B9-BD73-6206EC335EF0}"
EndProject
Project("{FAE04EC0-301F-11D3-BF4B-00C04F79EFBC}") = "Ex 4.1.4", "Ex 4.1.4\Ex 4.1.4.csproj", "{2C32FD69-CB30-4572-91B4-928E08615D5B}"
EndProject
Project("{2150E333-8FDC-42A3-9474-1A3956D46DE8}") = "Ex_4.1.5", "Ex_4.1.5", "{A73462CC-69B4-465F-9603-3023FC9038DA}"
EndProject
Project("{FAE04EC0-301F-11D3-BF4B-00C04F79EFBC}") = "Ex_4.1.5", "Ex_4.1.5\Ex_4.1.5.csproj", "{5526ABCB-C643-42DB-9533-040EAEF151C0}"
EndProject
Project("{2150E333-8FDC-42A3-9474-1A3956D46DE8}") = "EX_4.1.7", "EX_4.1.7", "{F1B55E7F-0CA8-42BE-BACB-39BB78B20433}"
EndProject
Project("{FAE04EC0-301F-11D3-BF4B-00C04F79EFBC}") = "Ex_4.1.7", "Ex_4.1.7\Ex_4.1.7.csproj", "{C4684E64-817B-40DE-B5EC-3346A164EBAC}"
EndProject
Project("{2150E333-8FDC-42A3-9474-1A3956D46DE8}") = "Ex_4.2.11", "Ex_4.2.11", "{84C3CAED-4068-4101-9407-CEA00AD0315F}"
EndProject
Project("{FAE04EC0-301F-11D3-BF4B-00C04F79EFBC}") = "Ex_4.2.11", "Ex_4.2.11\Ex_4.2.11.csproj", "{38E8C8E7-316E-414D-A063-60A92ED97867}"
EndProject
Project("{2150E333-8FDC-42A3-9474-1A3956D46DE8}") = "Ex_4.3.7", "Ex_4.3.7", "{29CE6333-1434-4BF5-B240-D2A43A602362}"
EndProject
Project("{FAE04EC0-301F-11D3-BF4B-00C04F79EFBC}") = "Ex_4.3.7", "Ex_4.3.7\Ex_4.3.7.csproj", "{BE5EDA63-D2D8-4EEB-BEC8-654C308594C5}"
EndProject
Project("{2150E333-8FDC-42A3-9474-1A3956D46DE8}") = "Ex_4.3.12", "Ex_4.3.12", "{578C5C73-FB21-4C7E-9FF5-8BCE4F8AED98}"
EndProject
Project("{FAE04EC0-301F-11D3-BF4B-00C04F79EFBC}") = "Ex_4.3.12", "Ex_4.3.122\Ex_4.3.12.csproj", "{F2DE19E3-C89B-4C98-BD45-729619842DAF}"
EndProject
Project("{2150E333-8FDC-42A3-9474-1A3956D46DE8}") = "Ex_4.3.14", "Ex_4.3.14", "{2E4B4450-806A-4323-955A-7BC1E44EEB0A}"
EndProject
Project("{FAE04EC0-301F-11D3-BF4B-00C04F79EFBC}") = "Ex_4.3.14", "Ex_4.3.14\Ex_4.3.14.csproj", "{34E256B7-557D-4563-9CBC-5D17ECB400EC}"
EndProject
Project("{2150E333-8FDC-42A3-9474-1A3956D46DE8}") = "Ex_4.3.16", "Ex_4.3.16", "{3D28C01D-C66A-41DE-91F9-97308D3B1965}"
EndProject
Project("{FAE04EC0-301F-11D3-BF4B-00C04F79EFBC}") = "Ex_4.3.16", "Ex_4.3.16\Ex_4.3.16.csproj", "{10D24B7D-1B65-4D5A-A707-6D45B640EC8D}"
EndProject
Project("{2150E333-8FDC-42A3-9474-1A3956D46DE8}") = "Ex_4.3.17", "Ex_4.3.17", "{64F8CB6A-655D-4964-93F5-903A5C6AF24F}"
EndProject
Project("{FAE04EC0-301F-11D3-BF4B-00C04F79EFBC}") = "Ex_4.3.17", "Ex_4.3.17\Ex_4.3.17.csproj", "{F00BFA57-3241-4D5A-9581-4358CAEE6144}"
EndProject
Project("{2150E333-8FDC-42A3-9474-1A3956D46DE8}") = "Ex_4.4.5", "Ex_4.4.5", "{A90542E7-44AE-4006-8DA8-7F52D54E02DA}"
EndProject
Project("{FAE04EC0-301F-11D3-BF4B-00C04F79EFBC}") = "Ex_4.4.5", "Ex_4.4.5\Ex_4.4.5.csproj", "{DB271D4B-8F72-4AFB-A574-3F0DCAE9E7D6}"
EndProject
Project("{2150E333-8FDC-42A3-9474-1A3956D46DE8}") = "Final_Ex", "Final_Ex", "{C2204F1B-2BD9-4499-8B2C-0C9D82015312}"
EndProject
Project("{FAE04EC0-301F-11D3-BF4B-00C04F79EFBC}") = "Final_Ex", "Final_Ex\Final_Ex.csproj", "{04BCA482-2277-499B-B69F-6B87665D6FED}"
EndProject
Project("{2150E333-8FDC-42A3-9474-1A3956D46DE8}") = "Module 5", "Module 5", "{76EA65FF-045D-4033-AFC6-FFB0C1CEC7A8}"
EndProject
Project("{2150E333-8FDC-42A3-9474-1A3956D46DE8}") = "Ex_5.1", "Ex_5.1", "{C0B8A7BF-4CCD-4252-A466-DAC9D8008E6F}"
EndProject
Project("{FAE04EC0-301F-11D3-BF4B-00C04F79EFBC}") = "Ex_5.1", "Ex_5.1\Ex_5.1.csproj", "{7DE45408-0B94-4007-A6DD-F64FC4962C74}"
EndProject
Project("{2150E333-8FDC-42A3-9474-1A3956D46DE8}") = "Ex_5.2.2", "Ex_5.2.2", "{2FE3CDB6-7607-4F2C-9081-1D9CD97528BB}"
EndProject
Project("{FAE04EC0-301F-11D3-BF4B-00C04F79EFBC}") = "Ex_5.2.2", "Ex_5.2.2\Ex_5.2.2.csproj", "{4C7A7970-FC39-40B8-8AE6-63361DE462A2}"
EndProject
Project("{2150E333-8FDC-42A3-9474-1A3956D46DE8}") = "Ex_5.2.8", "Ex_5.2.8", "{FEFCEEA4-BC39-44DC-B310-08BD2CD9B9F1}"
EndProject
Project("{FAE04EC0-301F-11D3-BF4B-00C04F79EFBC}") = "Ex_5.2.8", "Ex_5.2.8\Ex_5.2.8.csproj", "{AEDA35D5-92B3-4B38-8383-CA278D2456D2}"
EndProject
Project("{2150E333-8FDC-42A3-9474-1A3956D46DE8}") = "Ex_5.3.13", "Ex_5.3.13", "{C4C1B690-19B7-4E56-8F54-331481E0B870}"
EndProject
Project("{FAE04EC0-301F-11D3-BF4B-00C04F79EFBC}") = "Ex_5.3.13", "Ex_5.3.13\Ex_5.3.13.csproj", "{A2D86A40-9FED-4F3D-8C21-79972D3C8A1F}"
EndProject
Project("{2150E333-8FDC-42A3-9474-1A3956D46DE8}") = "Ex_5.5.4", "Ex_5.5.4", "{19E87E99-C984-45F3-9D34-914F7A5E7D9E}"
EndProject
Project("{FAE04EC0-301F-11D3-BF4B-00C04F79EFBC}") = "Ex_5.5.4", "Ex_5.5\Ex_5.5.4.csproj", "{C67019C5-D046-4500-8DD9-48684C28FAD3}"
EndProject
Project("{2150E333-8FDC-42A3-9474-1A3956D46DE8}") = "Ex_5.5.5.", "Ex_5.5.5.", "{6C5A6F65-6F57-4940-8939-FD7CA882A55D}"
EndProject
Project("{FAE04EC0-301F-11D3-BF4B-00C04F79EFBC}") = "Ex_5.5.5", "Ex_5.5.5\Ex_5.5.5.csproj", "{43515A82-7A4B-4EF2-B221-21D5A98B0A9D}"
EndProject
Project("{2150E333-8FDC-42A3-9474-1A3956D46DE8}") = "Modul_5_Homework", "Modul_5_Homework", "{3E189953-D466-48C3-8AFD-93D56ED319BC}"
EndProject
Project("{FAE04EC0-301F-11D3-BF4B-00C04F79EFBC}") = "M_5_Homework", "M_5_Homework\M_5_Homework.csproj", "{7C9B790D-FF89-449F-8164-7635D610D310}"
EndProject
Project("{2150E333-8FDC-42A3-9474-1A3956D46DE8}") = "Ex_5.5.8", "Ex_5.5.8", "{9655EBC3-F756-46F7-ADC9-F313A1953BAE}"
EndProject
Project("{FAE04EC0-301F-11D3-BF4B-00C04F79EFBC}") = "Ex_5.5.8", "Ex_5.5.8\Ex_5.5.8.csproj", "{DA723531-8275-4DE0-97F7-3914821C169A}"
EndProject
Project("{2150E333-8FDC-42A3-9474-1A3956D46DE8}") = "Module_6", "Module_6", "{D0172CF4-845E-4B6C-A743-F985959C5A9F}"
EndProject
Project("{2150E333-8FDC-42A3-9474-1A3956D46DE8}") = "test", "test", "{3B9BF590-23AF-4C4F-AA34-FC2D232DFEB7}"
EndProject
Project("{FAE04EC0-301F-11D3-BF4B-00C04F79EFBC}") = "test", "test\test.csproj", "{BDCB1724-3F48-45B6-BB94-CDA891254050}"
EndProject
Project("{2150E333-8FDC-42A3-9474-1A3956D46DE8}") = "Ex_6.3.1", "Ex_6.3.1", "{ADB76762-7DB7-49D6-8EE9-F0EB497995A9}"
EndProject
Project("{FAE04EC0-301F-11D3-BF4B-00C04F79EFBC}") = "Ex_6.3.1", "Ex_6.3.1\Ex_6.3.1.csproj", "{1730C764-A50A-4BDC-9218-B880FEADCDB6}"
EndProject
Project("{2150E333-8FDC-42A3-9474-1A3956D46DE8}") = "Ex_6.6.1", "Ex_6.6.1", "{A5A8E4F8-2BE8-4F80-B552-3E6676552D8E}"
EndProject
Project("{FAE04EC0-301F-11D3-BF4B-00C04F79EFBC}") = "Ex_6.6.1", "Ex_6.6.1\Ex_6.6.1.csproj", "{CB9D65D4-C295-4440-8522-DA57EFE0C38B}"
EndProject
Project("{2150E333-8FDC-42A3-9474-1A3956D46DE8}") = "Module_7", "Module_7", "{81C2AA60-8680-44CB-AD83-8827343EE996}"
EndProject
Project("{2150E333-8FDC-42A3-9474-1A3956D46DE8}") = "Ex_7.1.10", "Ex_7.1.10", "{4B161F81-8593-4856-BBB2-728208008388}"
EndProject
Project("{FAE04EC0-301F-11D3-BF4B-00C04F79EFBC}") = "Module_7.1.10", "Module_7.1.10\Module_7.1.10.csproj", "{9C40BE00-C452-4278-AEA2-A0EA24D18778}"
EndProject
Project("{2150E333-8FDC-42A3-9474-1A3956D46DE8}") = "Ex_7.2.5", "Ex_7.2.5", "{035B326B-D7BF-49BE-B7A8-9A2C0EE05088}"
EndProject
Project("{FAE04EC0-301F-11D3-BF4B-00C04F79EFBC}") = "Ex_7.2.5", "Ex_7.2.5\Ex_7.2.5.csproj", "{55550683-D7C9-487A-BD47-99D7C406651E}"
EndProject
Project("{2150E333-8FDC-42A3-9474-1A3956D46DE8}") = "Ex_7.5.2", "Ex_7.5.2", "{8A4BDB7D-E809-4E46-9820-2EA64E58A00D}"
EndProject
Project("{FAE04EC0-301F-11D3-BF4B-00C04F79EFBC}") = "Ex_7.5.2", "Ex_7.5.2\Ex_7.5.2.csproj", "{42D02A80-F50E-47AE-9F24-3B341E21EFEF}"
EndProject
Project("{2150E333-8FDC-42A3-9474-1A3956D46DE8}") = "Ex_7.5.3", "Ex_7.5.3", "{94D5A9D6-FBBA-4A4B-ABF8-388072FBBD97}"
EndProject
Project("{FAE04EC0-301F-11D3-BF4B-00C04F79EFBC}") = "Ex_7.5.3", "Ex_7.5.3\Ex_7.5.3.csproj", "{5C6B6FCF-CF47-420C-AB96-9BA77E335596}"
EndProject
Project("{2150E333-8FDC-42A3-9474-1A3956D46DE8}") = "Ex_7.6.2", "Ex_7.6.2", "{8AA9E009-E0D6-43A0-859B-67157A386ACB}"
EndProject
Project("{FAE04EC0-301F-11D3-BF4B-00C04F79EFBC}") = "Ex_7.6.2", "Ex_7.6.2\Ex_7.6.2.csproj", "{EC03CE05-C6AD-4161-B856-48C0E9C6380C}"
EndProject
Project("{2150E333-8FDC-42A3-9474-1A3956D46DE8}") = "Ex_7.6.9", "Ex_7.6.9", "{6A3FD604-4525-4BB1-8ED0-C95BFE21B1CA}"
EndProject
Project("{FAE04EC0-301F-11D3-BF4B-00C04F79EFBC}") = "Ex_7.6.9", "Ex_7.6.9\Ex_7.6.9.csproj", "{7ADB5593-5C91-46F6-B274-29719411BF15}"
EndProject
Project("{2150E333-8FDC-42A3-9474-1A3956D46DE8}") = "Module_7_ Fin_ex", "Module_7_ Fin_ex", "{5E853B64-122C-40FD-B509-9E1DD6E52E88}"
EndProject
Project("{FAE04EC0-301F-11D3-BF4B-00C04F79EFBC}") = "M_7_Final_Ex", "M_7_Final_Ex\M_7_Final_Ex.csproj", "{7F748AF6-8475-4002-9C61-A1F5C4F8267C}"
EndProject
Project("{2150E333-8FDC-42A3-9474-1A3956D46DE8}") = "Module_8", "Module_8", "{EA194C47-05B5-4B55-AF9A-98C4C26E1655}"
EndProject
Project("{2150E333-8FDC-42A3-9474-1A3956D46DE8}") = "Ex_8.1.4", "Ex_8.1.4", "{480EFB19-0D10-40C2-91D2-7307DB90D874}"
EndProject
Project("{FAE04EC0-301F-11D3-BF4B-00C04F79EFBC}") = "Ex_8.1.4", "Ex_8.1.4\Ex_8.1.4.csproj", "{9AB31C16-73A5-4EE8-87E4-F15A7845F9B6}"
EndProject
Project("{2150E333-8FDC-42A3-9474-1A3956D46DE8}") = "Ex_8.4.1", "Ex_8.4.1", "{D124BCC7-5446-4542-B0F5-3D499E160963}"
EndProject
Project("{FAE04EC0-301F-11D3-BF4B-00C04F79EFBC}") = "Ex_8.4.1", "Ex_8.4.1\Ex_8.4.1.csproj", "{2B2F2FD0-52AF-428A-8D76-A67A95894DEB}"
EndProject
Project("{2150E333-8FDC-42A3-9474-1A3956D46DE8}") = "WorkWithFiles", "WorkWithFiles", "{63C20A50-2E7B-43AE-A95D-244EC88AB5B1}"
EndProject
Project("{2150E333-8FDC-42A3-9474-1A3956D46DE8}") = "Task1", "Task1", "{E291699C-141E-447C-A3CF-4F54C55BA2E1}"
EndProject
Project("{FAE04EC0-301F-11D3-BF4B-00C04F79EFBC}") = "Task1", "Task1\Task1.csproj", "{6B237657-F0D0-40E9-A888-A76097AE8507}"
EndProject
Project("{2150E333-8FDC-42A3-9474-1A3956D46DE8}") = "Task2", "Task2", "{500260DB-9E49-4944-9242-7766436A2AF5}"
EndProject
Project("{FAE04EC0-301F-11D3-BF4B-00C04F79EFBC}") = "Task2", "Task2\Task2.csproj", "{84B86B4F-BF40-4E40-BBFE-2211AF47EB5A}"
EndProject
Project("{2150E333-8FDC-42A3-9474-1A3956D46DE8}") = "Task3", "Task3", "{C14F8E48-4F73-4626-A1E4-6DDB03752377}"
EndProject
Project("{FAE04EC0-301F-11D3-BF4B-00C04F79EFBC}") = "Task3", "Task3\Task3.csproj", "{89ADCFEA-5979-4051-A606-6311E166DD44}"
EndProject
Project("{2150E333-8FDC-42A3-9474-1A3956D46DE8}") = "Task4", "Task4", "{8C5BE6A0-5690-43B6-AFEC-998AD14BDB64}"
EndProject
Project("{FAE04EC0-301F-11D3-BF4B-00C04F79EFBC}") = "Task4", "Task4\Task4.csproj", "{00D9EBF3-DEA3-4806-901E-2F07F25A17A3}"
EndProject
Project("{2150E333-8FDC-42A3-9474-1A3956D46DE8}") = "Module_9", "Module_9", "{8B8C73ED-B2D2-4A98-B6CB-37C9DD948CB2}"
EndProject
Project("{FAE04EC0-301F-11D3-BF4B-00C04F79EFBC}") = "Test1", "Test1\Test1.csproj", "{04787744-7212-4C58-B67E-0BE02AE95235}"
EndProject
Project("{2150E333-8FDC-42A3-9474-1A3956D46DE8}") = "Ex_9.3.2", "Ex_9.3.2", "{C29EE283-6352-43B6-B547-02FE2E39E9B6}"
EndProject
Project("{FAE04EC0-301F-11D3-BF4B-00C04F79EFBC}") = "Ex_9.3.2", "Ex_9.3.2\Ex_9.3.2.csproj", "{6FA6EF53-5670-4309-9B71-6C0E64AFF33C}"
EndProject
Project("{2150E333-8FDC-42A3-9474-1A3956D46DE8}") = "Ex_9.3.4", "Ex_9.3.4", "{E069FB7A-73C8-4E27-B5B1-0DDDA37F8F2A}"
EndProject
Project("{FAE04EC0-301F-11D3-BF4B-00C04F79EFBC}") = "Ex_9.3.4", "Ex_9.3.4\Ex_9.3.4.csproj", "{3DB0F7BE-BED1-45E1-AFD9-347013480808}"
EndProject
Project("{2150E333-8FDC-42A3-9474-1A3956D46DE8}") = "Module_9_Homework", "Module_9_Homework", "{ABCDEBD3-4CA2-44F2-88A1-9AE0F701878C}"
EndProject
Project("{2150E333-8FDC-42A3-9474-1A3956D46DE8}") = "Task1", "Task1", "{EE817906-74B6-4A56-93DE-A390A1AB923D}"
EndProject
Project("{FAE04EC0-301F-11D3-BF4B-00C04F79EFBC}") = "Task_1", "Task_1\Task_1.csproj", "{FBC93D61-0060-4440-91DA-0124BF04EAA9}"
EndProject
Project("{2150E333-8FDC-42A3-9474-1A3956D46DE8}") = "Task2", "Task2", "{E7228D69-AA91-4BB6-92B5-9E00265492F0}"
EndProject
Project("{FAE04EC0-301F-11D3-BF4B-00C04F79EFBC}") = "Task_2", "Task_2\Task_2.csproj", "{EB19C9F8-8B26-4A83-B0EA-6F3375AEB5C7}"
EndProject
Project("{2150E333-8FDC-42A3-9474-1A3956D46DE8}") = "Module10", "Module10", "{FB128A91-19C6-41A3-8259-F117798B68D1}"
EndProject
Project("{2150E333-8FDC-42A3-9474-1A3956D46DE8}") = "Ex_10.2.2", "Ex_10.2.2", "{E3BC7F04-5EC9-4BC7-A3C4-9AC487729BAF}"
EndProject
Project("{FAE04EC0-301F-11D3-BF4B-00C04F79EFBC}") = "Ex_10.2.2", "Ex_10.2.2\Ex_10.2.2.csproj", "{674EDC2F-2A5E-44A8-8B6F-6DFBDC50309C}"
EndProject
Project("{2150E333-8FDC-42A3-9474-1A3956D46DE8}") = "Homework", "Homework", "{C3F505B8-F04A-433C-AA35-A1456B39701C}"
EndProject
Project("{2150E333-8FDC-42A3-9474-1A3956D46DE8}") = "Task1", "Task1", "{7358CBB6-3862-4344-BB71-F7945988F95B}"
EndProject
Project("{FAE04EC0-301F-11D3-BF4B-00C04F79EFBC}") = "MiniCalculator", "Calculator\MiniCalculator.csproj", "{348757C8-44AD-4A90-903A-62CD31D4837D}"
EndProject
Project("{2150E333-8FDC-42A3-9474-1A3956D46DE8}") = "Module12", "Module12", "{0BE25382-64DF-47F9-9A63-D2C059819BE2}"
EndProject
Project("{2150E333-8FDC-42A3-9474-1A3956D46DE8}") = "Ex-12.1.2.", "Ex-12.1.2.", "{81180975-4C89-4A5D-96A5-1297E991ABFE}"
EndProject
Project("{FAE04EC0-301F-11D3-BF4B-00C04F79EFBC}") = "Ex_12.1.2", "Ex_12.1.2\Ex_12.1.2.csproj", "{FEC31B9D-519B-47D4-9BAB-C22DB2E9F019}"
EndProject
Project("{2150E333-8FDC-42A3-9474-1A3956D46DE8}") = "Ex_12.1.3", "Ex_12.1.3", "{3726EF43-3854-4DC7-AAE2-4443061171F2}"
EndProject
Project("{FAE04EC0-301F-11D3-BF4B-00C04F79EFBC}") = "Ex_12.1.3", "Ex_12.1.3\Ex_12.1.3.csproj", "{0ABE341C-07E1-425E-A36B-357DC55AACE8}"
EndProject
Project("{2150E333-8FDC-42A3-9474-1A3956D46DE8}") = "Ex_12.1.4", "Ex_12.1.4", "{48EDA82C-DD71-45A0-8C3F-032A2322C801}"
EndProject
Project("{FAE04EC0-301F-11D3-BF4B-00C04F79EFBC}") = "Ex_12.1.4", "Ex_12.1.4\Ex_12.1.4.csproj", "{AEE527CD-FF99-43A9-A602-CAA3472AE315}"
EndProject
Project("{2150E333-8FDC-42A3-9474-1A3956D46DE8}") = "Ex_12.1.5", "Ex_12.1.5", "{D892E9AB-6A9E-4717-90C8-A99D16C659AB}"
EndProject
Project("{FAE04EC0-301F-11D3-BF4B-00C04F79EFBC}") = "Ex12.1.5", "Ex_12.1.5\Ex12.1.5.csproj", "{ABBF6024-01FF-4415-B508-EA037A80C161}"
EndProject
Project("{2150E333-8FDC-42A3-9474-1A3956D46DE8}") = "Ex_12.3.1", "Ex_12.3.1", "{3B90837F-7AB5-4EC3-9EFB-54FA185F6A29}"
EndProject
Project("{FAE04EC0-301F-11D3-BF4B-00C04F79EFBC}") = "Ex_12.3.1", "Ex_12.3.1\Ex_12.3.1.csproj", "{FD8F6528-AAA4-46FE-81FF-E6A71AD6E73D}"
EndProject
Project("{2150E333-8FDC-42A3-9474-1A3956D46DE8}") = "Module13", "Module13", "{4E22C2C5-B2AB-4EE4-BFD6-D2C03CF9E901}"
EndProject
Project("{2150E333-8FDC-42A3-9474-1A3956D46DE8}") = "Ex13.3.4", "Ex13.3.4", "{465553FA-2A56-4A91-B596-65133A8AC1E8}"
EndProject
Project("{FAE04EC0-301F-11D3-BF4B-00C04F79EFBC}") = "Ex13.p3.c4", "Ex13.p3.c4\Ex13.p3.c4.csproj", "{2ECF889F-3AD2-4E4A-A0D5-001D801FC063}"
EndProject
Project("{2150E333-8FDC-42A3-9474-1A3956D46DE8}") = "Ex_13.3.10", "Ex_13.3.10", "{1CE1D58D-88F2-4EE5-832D-26F2E2554556}"
EndProject
Project("{FAE04EC0-301F-11D3-BF4B-00C04F79EFBC}") = "Ex13.p3.c10", "Ex13.p3.c10\Ex13.p3.c10.csproj", "{0157C975-AC4B-4128-B574-875F5A04F0C6}"
EndProject
Project("{2150E333-8FDC-42A3-9474-1A3956D46DE8}") = "Ex_13.5.4", "Ex_13.5.4", "{3EDC8A22-8AA1-4F0D-A506-72CD5D542C25}"
EndProject
Project("{FAE04EC0-301F-11D3-BF4B-00C04F79EFBC}") = "Ex13.p5.c4", "Ex13.p5.c4\Ex13.p5.c4.csproj", "{63035113-389E-4C2A-886B-FF8C62E037B4}"
EndProject
Project("{FAE04EC0-301F-11D3-BF4B-00C04F79EFBC}") = "QueueTest", "QueueTest\QueueTest.csproj", "{CB119E82-86B5-4F6B-B82C-53E3B06ABFFA}"
EndProject
Project("{FAE04EC0-301F-11D3-BF4B-00C04F79EFBC}") = "DictionaryTest", "DictionaryTest\DictionaryTest.csproj", "{705A8A7E-0226-4A59-99AE-F3D49CED3A8F}"
EndProject
Project("{2150E333-8FDC-42A3-9474-1A3956D46DE8}") = "HomeWork", "HomeWork", "{A736F237-EEA4-4865-9B14-CC3C0D9CA0F6}"
EndProject
Project("{2150E333-8FDC-42A3-9474-1A3956D46DE8}") = "Module_13_HW", "Module_13_HW", "{F0769833-75B8-42E8-83BB-D95003EB4872}"
EndProject
Project("{FAE04EC0-301F-11D3-BF4B-00C04F79EFBC}") = "M13.HW1", "M13.HW1\M13.HW1.csproj", "{E08224B2-A143-4D66-8572-8411E6D784AB}"
EndProject
Project("{FAE04EC0-301F-11D3-BF4B-00C04F79EFBC}") = "M13.HW2", "M13.HW2\M13.HW2.csproj", "{FB4FF7FE-91FB-4E6B-8DB6-2A09275C7FFF}"
EndProject
Project("{2150E333-8FDC-42A3-9474-1A3956D46DE8}") = "Module14", "Module14", "{DEA4FA5E-B6C9-403B-8093-756C968BD02A}"
EndProject
Project("{FAE04EC0-301F-11D3-BF4B-00C04F79EFBC}") = "TestM14", "TestM14\TestM14.csproj", "{D0DAEECC-25A3-4227-9188-49E9BBE47DF8}"
EndProject
Project("{FAE04EC0-301F-11D3-BF4B-00C04F79EFBC}") = "Ex14.p1.c1", "Ex14.p1.c1\Ex14.p1.c1.csproj", "{FB8FBAAD-A0C4-4020-970A-88FE98003E8E}"
EndProject
Project("{FAE04EC0-301F-11D3-BF4B-00C04F79EFBC}") = "Ex14.p1.c2", "Ex14.p1.c2\Ex14.p1.c2.csproj", "{35B716F8-10D8-4D82-87C4-214AD60CC898}"
EndProject
Project("{FAE04EC0-301F-11D3-BF4B-00C04F79EFBC}") = "Ex14.p2.c1", "Ex14.p2.c1\Ex14.p2.c1.csproj", "{6C2BC032-00E4-45A3-9F02-B7C1B7F2046A}"
EndProject
Project("{FAE04EC0-301F-11D3-BF4B-00C04F79EFBC}") = "Ex14.p2.c3", "Ex14.p2.c3\Ex14.p2.c3.csproj", "{E360718A-C6DE-4413-BDC1-5DBC0EDD0C30}"
EndProject
Project("{FAE04EC0-301F-11D3-BF4B-00C04F79EFBC}") = "Ex14.p2.c4", "Wx14.p2.c4\Ex14.p2.c4.csproj", "{F620AAF9-D3AF-4392-B26A-5DA9C27F0D03}"
EndProject
Project("{FAE04EC0-301F-11D3-BF4B-00C04F79EFBC}") = "Ex14.p2.c9", "Ex14.p2.c9\Ex14.p2.c9.csproj", "{E62DE509-3D03-49CC-BDB1-9A862DD1923E}"
EndProject
Project("{FAE04EC0-301F-11D3-BF4B-00C04F79EFBC}") = "PhoneBook", "PhoneBook\PhoneBook.csproj", "{484F6DC6-7AAB-4CCC-87BA-4C8EF39D76BF}"
EndProject
Project("{2150E333-8FDC-42A3-9474-1A3956D46DE8}") = "Module15", "Module15", "{A6919AD4-9EF3-4D78-A591-324D8B22D93B}"
EndProject
Project("{FAE04EC0-301F-11D3-BF4B-00C04F79EFBC}") = "M15Test", "M15Test\M15Test.csproj", "{E3934799-ECAF-45F8-B5C4-6DD90AF7F8F3}"
EndProject
Project("{FAE04EC0-301F-11D3-BF4B-00C04F79EFBC}") = "Ex15.p2.c1", "Ex15.p2.c1\Ex15.p2.c1.csproj", "{AA447A24-F589-460B-A333-8C215D47EA29}"
EndProject
Project("{FAE04EC0-301F-11D3-BF4B-00C04F79EFBC}") = "Ex15.p2.c2", "Ex15.p2.c2\Ex15.p2.c2.csproj", "{F03E0AC1-12D1-453E-BE47-DBAC72D68809}"
EndProject
Project("{FAE04EC0-301F-11D3-BF4B-00C04F79EFBC}") = "Ex15.p2.c3", "Ex15.p2.c3\Ex15.p2.c3.csproj", "{B0BC8EC7-15A7-4127-8BA5-478F4217DBA7}"
EndProject
Project("{FAE04EC0-301F-11D3-BF4B-00C04F79EFBC}") = "GroupByTest", "GroupByTest\GroupByTest.csproj", "{021CE6F5-C861-4F09-AE40-912F4EF796EB}"
EndProject
Project("{FAE04EC0-301F-11D3-BF4B-00C04F79EFBC}") = "Ex15.p3.c3", "Ex15.p3.c3\Ex15.p3.c3.csproj", "{3FCA9633-BC09-43D9-B6A4-ECAD813DDAD1}"
EndProject
Project("{FAE04EC0-301F-11D3-BF4B-00C04F79EFBC}") = "JoinTest", "JoinTest\JoinTest.csproj", "{BAF7C83B-F91B-4B5E-91D4-A484FC7551DE}"
EndProject
Project("{FAE04EC0-301F-11D3-BF4B-00C04F79EFBC}") = "Ex15.p4.c1", "Ex15.p4.c1\Ex15.p4.c1.csproj", "{799875D5-AF08-42CB-9591-2A20AE80F209}"
EndProject
Project("{FAE04EC0-301F-11D3-BF4B-00C04F79EFBC}") = "Ex15.p4.c5", "Ex15.p4.c5\Ex15.p4.c5.csproj", "{5CF9ED8D-D99F-46E6-B539-82EF4AE6E2E2}"
EndProject
Project("{FAE04EC0-301F-11D3-BF4B-00C04F79EFBC}") = "Module_15_HW", "Module_15_HW\Module_15_HW.csproj", "{584C58B6-BA37-44C0-9450-65DD00560B32}"
EndProject
Global
	GlobalSection(SolutionConfigurationPlatforms) = preSolution
		Debug|Any CPU = Debug|Any CPU
		Release|Any CPU = Release|Any CPU
	EndGlobalSection
	GlobalSection(ProjectConfigurationPlatforms) = postSolution
		{4E9AE1CB-3852-4719-9AA7-CDA603BEA86B}.Debug|Any CPU.ActiveCfg = Debug|Any CPU
		{4E9AE1CB-3852-4719-9AA7-CDA603BEA86B}.Debug|Any CPU.Build.0 = Debug|Any CPU
		{4E9AE1CB-3852-4719-9AA7-CDA603BEA86B}.Release|Any CPU.ActiveCfg = Release|Any CPU
		{4E9AE1CB-3852-4719-9AA7-CDA603BEA86B}.Release|Any CPU.Build.0 = Release|Any CPU
		{138586C7-B6AE-42BC-B771-C7C04EF70733}.Debug|Any CPU.ActiveCfg = Debug|Any CPU
		{138586C7-B6AE-42BC-B771-C7C04EF70733}.Debug|Any CPU.Build.0 = Debug|Any CPU
		{138586C7-B6AE-42BC-B771-C7C04EF70733}.Release|Any CPU.ActiveCfg = Release|Any CPU
		{138586C7-B6AE-42BC-B771-C7C04EF70733}.Release|Any CPU.Build.0 = Release|Any CPU
		{FFD266EB-81C9-416C-A82D-19A8A7D2EDE6}.Debug|Any CPU.ActiveCfg = Debug|Any CPU
		{FFD266EB-81C9-416C-A82D-19A8A7D2EDE6}.Debug|Any CPU.Build.0 = Debug|Any CPU
		{FFD266EB-81C9-416C-A82D-19A8A7D2EDE6}.Release|Any CPU.ActiveCfg = Release|Any CPU
		{FFD266EB-81C9-416C-A82D-19A8A7D2EDE6}.Release|Any CPU.Build.0 = Release|Any CPU
		{763D4F7D-1B7B-4CAE-BD64-CE1D796352C1}.Debug|Any CPU.ActiveCfg = Debug|Any CPU
		{763D4F7D-1B7B-4CAE-BD64-CE1D796352C1}.Debug|Any CPU.Build.0 = Debug|Any CPU
		{763D4F7D-1B7B-4CAE-BD64-CE1D796352C1}.Release|Any CPU.ActiveCfg = Release|Any CPU
		{763D4F7D-1B7B-4CAE-BD64-CE1D796352C1}.Release|Any CPU.Build.0 = Release|Any CPU
		{A88061AC-7AAE-4C33-BD92-8BE4F6185480}.Debug|Any CPU.ActiveCfg = Debug|Any CPU
		{A88061AC-7AAE-4C33-BD92-8BE4F6185480}.Debug|Any CPU.Build.0 = Debug|Any CPU
		{A88061AC-7AAE-4C33-BD92-8BE4F6185480}.Release|Any CPU.ActiveCfg = Release|Any CPU
		{A88061AC-7AAE-4C33-BD92-8BE4F6185480}.Release|Any CPU.Build.0 = Release|Any CPU
		{2C32FD69-CB30-4572-91B4-928E08615D5B}.Debug|Any CPU.ActiveCfg = Debug|Any CPU
		{2C32FD69-CB30-4572-91B4-928E08615D5B}.Debug|Any CPU.Build.0 = Debug|Any CPU
		{2C32FD69-CB30-4572-91B4-928E08615D5B}.Release|Any CPU.ActiveCfg = Release|Any CPU
		{2C32FD69-CB30-4572-91B4-928E08615D5B}.Release|Any CPU.Build.0 = Release|Any CPU
		{5526ABCB-C643-42DB-9533-040EAEF151C0}.Debug|Any CPU.ActiveCfg = Debug|Any CPU
		{5526ABCB-C643-42DB-9533-040EAEF151C0}.Debug|Any CPU.Build.0 = Debug|Any CPU
		{5526ABCB-C643-42DB-9533-040EAEF151C0}.Release|Any CPU.ActiveCfg = Release|Any CPU
		{5526ABCB-C643-42DB-9533-040EAEF151C0}.Release|Any CPU.Build.0 = Release|Any CPU
		{C4684E64-817B-40DE-B5EC-3346A164EBAC}.Debug|Any CPU.ActiveCfg = Debug|Any CPU
		{C4684E64-817B-40DE-B5EC-3346A164EBAC}.Debug|Any CPU.Build.0 = Debug|Any CPU
		{C4684E64-817B-40DE-B5EC-3346A164EBAC}.Release|Any CPU.ActiveCfg = Release|Any CPU
		{C4684E64-817B-40DE-B5EC-3346A164EBAC}.Release|Any CPU.Build.0 = Release|Any CPU
		{38E8C8E7-316E-414D-A063-60A92ED97867}.Debug|Any CPU.ActiveCfg = Debug|Any CPU
		{38E8C8E7-316E-414D-A063-60A92ED97867}.Debug|Any CPU.Build.0 = Debug|Any CPU
		{38E8C8E7-316E-414D-A063-60A92ED97867}.Release|Any CPU.ActiveCfg = Release|Any CPU
		{38E8C8E7-316E-414D-A063-60A92ED97867}.Release|Any CPU.Build.0 = Release|Any CPU
		{BE5EDA63-D2D8-4EEB-BEC8-654C308594C5}.Debug|Any CPU.ActiveCfg = Debug|Any CPU
		{BE5EDA63-D2D8-4EEB-BEC8-654C308594C5}.Debug|Any CPU.Build.0 = Debug|Any CPU
		{BE5EDA63-D2D8-4EEB-BEC8-654C308594C5}.Release|Any CPU.ActiveCfg = Release|Any CPU
		{BE5EDA63-D2D8-4EEB-BEC8-654C308594C5}.Release|Any CPU.Build.0 = Release|Any CPU
		{F2DE19E3-C89B-4C98-BD45-729619842DAF}.Debug|Any CPU.ActiveCfg = Debug|Any CPU
		{F2DE19E3-C89B-4C98-BD45-729619842DAF}.Debug|Any CPU.Build.0 = Debug|Any CPU
		{F2DE19E3-C89B-4C98-BD45-729619842DAF}.Release|Any CPU.ActiveCfg = Release|Any CPU
		{F2DE19E3-C89B-4C98-BD45-729619842DAF}.Release|Any CPU.Build.0 = Release|Any CPU
		{34E256B7-557D-4563-9CBC-5D17ECB400EC}.Debug|Any CPU.ActiveCfg = Debug|Any CPU
		{34E256B7-557D-4563-9CBC-5D17ECB400EC}.Debug|Any CPU.Build.0 = Debug|Any CPU
		{34E256B7-557D-4563-9CBC-5D17ECB400EC}.Release|Any CPU.ActiveCfg = Release|Any CPU
		{34E256B7-557D-4563-9CBC-5D17ECB400EC}.Release|Any CPU.Build.0 = Release|Any CPU
		{10D24B7D-1B65-4D5A-A707-6D45B640EC8D}.Debug|Any CPU.ActiveCfg = Debug|Any CPU
		{10D24B7D-1B65-4D5A-A707-6D45B640EC8D}.Debug|Any CPU.Build.0 = Debug|Any CPU
		{10D24B7D-1B65-4D5A-A707-6D45B640EC8D}.Release|Any CPU.ActiveCfg = Release|Any CPU
		{10D24B7D-1B65-4D5A-A707-6D45B640EC8D}.Release|Any CPU.Build.0 = Release|Any CPU
		{F00BFA57-3241-4D5A-9581-4358CAEE6144}.Debug|Any CPU.ActiveCfg = Debug|Any CPU
		{F00BFA57-3241-4D5A-9581-4358CAEE6144}.Debug|Any CPU.Build.0 = Debug|Any CPU
		{F00BFA57-3241-4D5A-9581-4358CAEE6144}.Release|Any CPU.ActiveCfg = Release|Any CPU
		{F00BFA57-3241-4D5A-9581-4358CAEE6144}.Release|Any CPU.Build.0 = Release|Any CPU
		{DB271D4B-8F72-4AFB-A574-3F0DCAE9E7D6}.Debug|Any CPU.ActiveCfg = Debug|Any CPU
		{DB271D4B-8F72-4AFB-A574-3F0DCAE9E7D6}.Debug|Any CPU.Build.0 = Debug|Any CPU
		{DB271D4B-8F72-4AFB-A574-3F0DCAE9E7D6}.Release|Any CPU.ActiveCfg = Release|Any CPU
		{DB271D4B-8F72-4AFB-A574-3F0DCAE9E7D6}.Release|Any CPU.Build.0 = Release|Any CPU
		{04BCA482-2277-499B-B69F-6B87665D6FED}.Debug|Any CPU.ActiveCfg = Debug|Any CPU
		{04BCA482-2277-499B-B69F-6B87665D6FED}.Debug|Any CPU.Build.0 = Debug|Any CPU
		{04BCA482-2277-499B-B69F-6B87665D6FED}.Release|Any CPU.ActiveCfg = Release|Any CPU
		{04BCA482-2277-499B-B69F-6B87665D6FED}.Release|Any CPU.Build.0 = Release|Any CPU
		{7DE45408-0B94-4007-A6DD-F64FC4962C74}.Debug|Any CPU.ActiveCfg = Debug|Any CPU
		{7DE45408-0B94-4007-A6DD-F64FC4962C74}.Debug|Any CPU.Build.0 = Debug|Any CPU
		{7DE45408-0B94-4007-A6DD-F64FC4962C74}.Release|Any CPU.ActiveCfg = Release|Any CPU
		{7DE45408-0B94-4007-A6DD-F64FC4962C74}.Release|Any CPU.Build.0 = Release|Any CPU
		{4C7A7970-FC39-40B8-8AE6-63361DE462A2}.Debug|Any CPU.ActiveCfg = Debug|Any CPU
		{4C7A7970-FC39-40B8-8AE6-63361DE462A2}.Debug|Any CPU.Build.0 = Debug|Any CPU
		{4C7A7970-FC39-40B8-8AE6-63361DE462A2}.Release|Any CPU.ActiveCfg = Release|Any CPU
		{4C7A7970-FC39-40B8-8AE6-63361DE462A2}.Release|Any CPU.Build.0 = Release|Any CPU
		{AEDA35D5-92B3-4B38-8383-CA278D2456D2}.Debug|Any CPU.ActiveCfg = Debug|Any CPU
		{AEDA35D5-92B3-4B38-8383-CA278D2456D2}.Debug|Any CPU.Build.0 = Debug|Any CPU
		{AEDA35D5-92B3-4B38-8383-CA278D2456D2}.Release|Any CPU.ActiveCfg = Release|Any CPU
		{AEDA35D5-92B3-4B38-8383-CA278D2456D2}.Release|Any CPU.Build.0 = Release|Any CPU
		{A2D86A40-9FED-4F3D-8C21-79972D3C8A1F}.Debug|Any CPU.ActiveCfg = Debug|Any CPU
		{A2D86A40-9FED-4F3D-8C21-79972D3C8A1F}.Debug|Any CPU.Build.0 = Debug|Any CPU
		{A2D86A40-9FED-4F3D-8C21-79972D3C8A1F}.Release|Any CPU.ActiveCfg = Release|Any CPU
		{A2D86A40-9FED-4F3D-8C21-79972D3C8A1F}.Release|Any CPU.Build.0 = Release|Any CPU
		{C67019C5-D046-4500-8DD9-48684C28FAD3}.Debug|Any CPU.ActiveCfg = Debug|Any CPU
		{C67019C5-D046-4500-8DD9-48684C28FAD3}.Debug|Any CPU.Build.0 = Debug|Any CPU
		{C67019C5-D046-4500-8DD9-48684C28FAD3}.Release|Any CPU.ActiveCfg = Release|Any CPU
		{C67019C5-D046-4500-8DD9-48684C28FAD3}.Release|Any CPU.Build.0 = Release|Any CPU
		{43515A82-7A4B-4EF2-B221-21D5A98B0A9D}.Debug|Any CPU.ActiveCfg = Debug|Any CPU
		{43515A82-7A4B-4EF2-B221-21D5A98B0A9D}.Debug|Any CPU.Build.0 = Debug|Any CPU
		{43515A82-7A4B-4EF2-B221-21D5A98B0A9D}.Release|Any CPU.ActiveCfg = Release|Any CPU
		{43515A82-7A4B-4EF2-B221-21D5A98B0A9D}.Release|Any CPU.Build.0 = Release|Any CPU
		{7C9B790D-FF89-449F-8164-7635D610D310}.Debug|Any CPU.ActiveCfg = Debug|Any CPU
		{7C9B790D-FF89-449F-8164-7635D610D310}.Debug|Any CPU.Build.0 = Debug|Any CPU
		{7C9B790D-FF89-449F-8164-7635D610D310}.Release|Any CPU.ActiveCfg = Release|Any CPU
		{7C9B790D-FF89-449F-8164-7635D610D310}.Release|Any CPU.Build.0 = Release|Any CPU
		{DA723531-8275-4DE0-97F7-3914821C169A}.Debug|Any CPU.ActiveCfg = Debug|Any CPU
		{DA723531-8275-4DE0-97F7-3914821C169A}.Debug|Any CPU.Build.0 = Debug|Any CPU
		{DA723531-8275-4DE0-97F7-3914821C169A}.Release|Any CPU.ActiveCfg = Release|Any CPU
		{DA723531-8275-4DE0-97F7-3914821C169A}.Release|Any CPU.Build.0 = Release|Any CPU
		{BDCB1724-3F48-45B6-BB94-CDA891254050}.Debug|Any CPU.ActiveCfg = Debug|Any CPU
		{BDCB1724-3F48-45B6-BB94-CDA891254050}.Debug|Any CPU.Build.0 = Debug|Any CPU
		{BDCB1724-3F48-45B6-BB94-CDA891254050}.Release|Any CPU.ActiveCfg = Release|Any CPU
		{BDCB1724-3F48-45B6-BB94-CDA891254050}.Release|Any CPU.Build.0 = Release|Any CPU
		{1730C764-A50A-4BDC-9218-B880FEADCDB6}.Debug|Any CPU.ActiveCfg = Debug|Any CPU
		{1730C764-A50A-4BDC-9218-B880FEADCDB6}.Debug|Any CPU.Build.0 = Debug|Any CPU
		{1730C764-A50A-4BDC-9218-B880FEADCDB6}.Release|Any CPU.ActiveCfg = Release|Any CPU
		{1730C764-A50A-4BDC-9218-B880FEADCDB6}.Release|Any CPU.Build.0 = Release|Any CPU
		{CB9D65D4-C295-4440-8522-DA57EFE0C38B}.Debug|Any CPU.ActiveCfg = Debug|Any CPU
		{CB9D65D4-C295-4440-8522-DA57EFE0C38B}.Debug|Any CPU.Build.0 = Debug|Any CPU
		{CB9D65D4-C295-4440-8522-DA57EFE0C38B}.Release|Any CPU.ActiveCfg = Release|Any CPU
		{CB9D65D4-C295-4440-8522-DA57EFE0C38B}.Release|Any CPU.Build.0 = Release|Any CPU
		{9C40BE00-C452-4278-AEA2-A0EA24D18778}.Debug|Any CPU.ActiveCfg = Debug|Any CPU
		{9C40BE00-C452-4278-AEA2-A0EA24D18778}.Debug|Any CPU.Build.0 = Debug|Any CPU
		{9C40BE00-C452-4278-AEA2-A0EA24D18778}.Release|Any CPU.ActiveCfg = Release|Any CPU
		{9C40BE00-C452-4278-AEA2-A0EA24D18778}.Release|Any CPU.Build.0 = Release|Any CPU
		{55550683-D7C9-487A-BD47-99D7C406651E}.Debug|Any CPU.ActiveCfg = Debug|Any CPU
		{55550683-D7C9-487A-BD47-99D7C406651E}.Debug|Any CPU.Build.0 = Debug|Any CPU
		{55550683-D7C9-487A-BD47-99D7C406651E}.Release|Any CPU.ActiveCfg = Release|Any CPU
		{55550683-D7C9-487A-BD47-99D7C406651E}.Release|Any CPU.Build.0 = Release|Any CPU
		{42D02A80-F50E-47AE-9F24-3B341E21EFEF}.Debug|Any CPU.ActiveCfg = Debug|Any CPU
		{42D02A80-F50E-47AE-9F24-3B341E21EFEF}.Debug|Any CPU.Build.0 = Debug|Any CPU
		{42D02A80-F50E-47AE-9F24-3B341E21EFEF}.Release|Any CPU.ActiveCfg = Release|Any CPU
		{42D02A80-F50E-47AE-9F24-3B341E21EFEF}.Release|Any CPU.Build.0 = Release|Any CPU
		{5C6B6FCF-CF47-420C-AB96-9BA77E335596}.Debug|Any CPU.ActiveCfg = Debug|Any CPU
		{5C6B6FCF-CF47-420C-AB96-9BA77E335596}.Debug|Any CPU.Build.0 = Debug|Any CPU
		{5C6B6FCF-CF47-420C-AB96-9BA77E335596}.Release|Any CPU.ActiveCfg = Release|Any CPU
		{5C6B6FCF-CF47-420C-AB96-9BA77E335596}.Release|Any CPU.Build.0 = Release|Any CPU
		{EC03CE05-C6AD-4161-B856-48C0E9C6380C}.Debug|Any CPU.ActiveCfg = Debug|Any CPU
		{EC03CE05-C6AD-4161-B856-48C0E9C6380C}.Debug|Any CPU.Build.0 = Debug|Any CPU
		{EC03CE05-C6AD-4161-B856-48C0E9C6380C}.Release|Any CPU.ActiveCfg = Release|Any CPU
		{EC03CE05-C6AD-4161-B856-48C0E9C6380C}.Release|Any CPU.Build.0 = Release|Any CPU
		{7ADB5593-5C91-46F6-B274-29719411BF15}.Debug|Any CPU.ActiveCfg = Debug|Any CPU
		{7ADB5593-5C91-46F6-B274-29719411BF15}.Debug|Any CPU.Build.0 = Debug|Any CPU
		{7ADB5593-5C91-46F6-B274-29719411BF15}.Release|Any CPU.ActiveCfg = Release|Any CPU
		{7ADB5593-5C91-46F6-B274-29719411BF15}.Release|Any CPU.Build.0 = Release|Any CPU
		{7F748AF6-8475-4002-9C61-A1F5C4F8267C}.Debug|Any CPU.ActiveCfg = Debug|Any CPU
		{7F748AF6-8475-4002-9C61-A1F5C4F8267C}.Debug|Any CPU.Build.0 = Debug|Any CPU
		{7F748AF6-8475-4002-9C61-A1F5C4F8267C}.Release|Any CPU.ActiveCfg = Release|Any CPU
		{7F748AF6-8475-4002-9C61-A1F5C4F8267C}.Release|Any CPU.Build.0 = Release|Any CPU
		{9AB31C16-73A5-4EE8-87E4-F15A7845F9B6}.Debug|Any CPU.ActiveCfg = Debug|Any CPU
		{9AB31C16-73A5-4EE8-87E4-F15A7845F9B6}.Debug|Any CPU.Build.0 = Debug|Any CPU
		{9AB31C16-73A5-4EE8-87E4-F15A7845F9B6}.Release|Any CPU.ActiveCfg = Release|Any CPU
		{9AB31C16-73A5-4EE8-87E4-F15A7845F9B6}.Release|Any CPU.Build.0 = Release|Any CPU
		{2B2F2FD0-52AF-428A-8D76-A67A95894DEB}.Debug|Any CPU.ActiveCfg = Debug|Any CPU
		{2B2F2FD0-52AF-428A-8D76-A67A95894DEB}.Debug|Any CPU.Build.0 = Debug|Any CPU
		{2B2F2FD0-52AF-428A-8D76-A67A95894DEB}.Release|Any CPU.ActiveCfg = Release|Any CPU
		{2B2F2FD0-52AF-428A-8D76-A67A95894DEB}.Release|Any CPU.Build.0 = Release|Any CPU
		{6B237657-F0D0-40E9-A888-A76097AE8507}.Debug|Any CPU.ActiveCfg = Debug|Any CPU
		{6B237657-F0D0-40E9-A888-A76097AE8507}.Debug|Any CPU.Build.0 = Debug|Any CPU
		{6B237657-F0D0-40E9-A888-A76097AE8507}.Release|Any CPU.ActiveCfg = Release|Any CPU
		{6B237657-F0D0-40E9-A888-A76097AE8507}.Release|Any CPU.Build.0 = Release|Any CPU
		{84B86B4F-BF40-4E40-BBFE-2211AF47EB5A}.Debug|Any CPU.ActiveCfg = Debug|Any CPU
		{84B86B4F-BF40-4E40-BBFE-2211AF47EB5A}.Debug|Any CPU.Build.0 = Debug|Any CPU
		{84B86B4F-BF40-4E40-BBFE-2211AF47EB5A}.Release|Any CPU.ActiveCfg = Release|Any CPU
		{84B86B4F-BF40-4E40-BBFE-2211AF47EB5A}.Release|Any CPU.Build.0 = Release|Any CPU
		{89ADCFEA-5979-4051-A606-6311E166DD44}.Debug|Any CPU.ActiveCfg = Debug|Any CPU
		{89ADCFEA-5979-4051-A606-6311E166DD44}.Debug|Any CPU.Build.0 = Debug|Any CPU
		{89ADCFEA-5979-4051-A606-6311E166DD44}.Release|Any CPU.ActiveCfg = Release|Any CPU
		{89ADCFEA-5979-4051-A606-6311E166DD44}.Release|Any CPU.Build.0 = Release|Any CPU
		{00D9EBF3-DEA3-4806-901E-2F07F25A17A3}.Debug|Any CPU.ActiveCfg = Debug|Any CPU
		{00D9EBF3-DEA3-4806-901E-2F07F25A17A3}.Debug|Any CPU.Build.0 = Debug|Any CPU
		{00D9EBF3-DEA3-4806-901E-2F07F25A17A3}.Release|Any CPU.ActiveCfg = Release|Any CPU
		{00D9EBF3-DEA3-4806-901E-2F07F25A17A3}.Release|Any CPU.Build.0 = Release|Any CPU
		{04787744-7212-4C58-B67E-0BE02AE95235}.Debug|Any CPU.ActiveCfg = Debug|Any CPU
		{04787744-7212-4C58-B67E-0BE02AE95235}.Debug|Any CPU.Build.0 = Debug|Any CPU
		{04787744-7212-4C58-B67E-0BE02AE95235}.Release|Any CPU.ActiveCfg = Release|Any CPU
		{04787744-7212-4C58-B67E-0BE02AE95235}.Release|Any CPU.Build.0 = Release|Any CPU
		{6FA6EF53-5670-4309-9B71-6C0E64AFF33C}.Debug|Any CPU.ActiveCfg = Debug|Any CPU
		{6FA6EF53-5670-4309-9B71-6C0E64AFF33C}.Debug|Any CPU.Build.0 = Debug|Any CPU
		{6FA6EF53-5670-4309-9B71-6C0E64AFF33C}.Release|Any CPU.ActiveCfg = Release|Any CPU
		{6FA6EF53-5670-4309-9B71-6C0E64AFF33C}.Release|Any CPU.Build.0 = Release|Any CPU
		{3DB0F7BE-BED1-45E1-AFD9-347013480808}.Debug|Any CPU.ActiveCfg = Debug|Any CPU
		{3DB0F7BE-BED1-45E1-AFD9-347013480808}.Debug|Any CPU.Build.0 = Debug|Any CPU
		{3DB0F7BE-BED1-45E1-AFD9-347013480808}.Release|Any CPU.ActiveCfg = Release|Any CPU
		{3DB0F7BE-BED1-45E1-AFD9-347013480808}.Release|Any CPU.Build.0 = Release|Any CPU
		{FBC93D61-0060-4440-91DA-0124BF04EAA9}.Debug|Any CPU.ActiveCfg = Debug|Any CPU
		{FBC93D61-0060-4440-91DA-0124BF04EAA9}.Debug|Any CPU.Build.0 = Debug|Any CPU
		{FBC93D61-0060-4440-91DA-0124BF04EAA9}.Release|Any CPU.ActiveCfg = Release|Any CPU
		{FBC93D61-0060-4440-91DA-0124BF04EAA9}.Release|Any CPU.Build.0 = Release|Any CPU
		{EB19C9F8-8B26-4A83-B0EA-6F3375AEB5C7}.Debug|Any CPU.ActiveCfg = Debug|Any CPU
		{EB19C9F8-8B26-4A83-B0EA-6F3375AEB5C7}.Debug|Any CPU.Build.0 = Debug|Any CPU
		{EB19C9F8-8B26-4A83-B0EA-6F3375AEB5C7}.Release|Any CPU.ActiveCfg = Release|Any CPU
		{EB19C9F8-8B26-4A83-B0EA-6F3375AEB5C7}.Release|Any CPU.Build.0 = Release|Any CPU
		{674EDC2F-2A5E-44A8-8B6F-6DFBDC50309C}.Debug|Any CPU.ActiveCfg = Debug|Any CPU
		{674EDC2F-2A5E-44A8-8B6F-6DFBDC50309C}.Debug|Any CPU.Build.0 = Debug|Any CPU
		{674EDC2F-2A5E-44A8-8B6F-6DFBDC50309C}.Release|Any CPU.ActiveCfg = Release|Any CPU
		{674EDC2F-2A5E-44A8-8B6F-6DFBDC50309C}.Release|Any CPU.Build.0 = Release|Any CPU
		{348757C8-44AD-4A90-903A-62CD31D4837D}.Debug|Any CPU.ActiveCfg = Debug|Any CPU
		{348757C8-44AD-4A90-903A-62CD31D4837D}.Debug|Any CPU.Build.0 = Debug|Any CPU
		{348757C8-44AD-4A90-903A-62CD31D4837D}.Release|Any CPU.ActiveCfg = Release|Any CPU
		{348757C8-44AD-4A90-903A-62CD31D4837D}.Release|Any CPU.Build.0 = Release|Any CPU
		{FEC31B9D-519B-47D4-9BAB-C22DB2E9F019}.Debug|Any CPU.ActiveCfg = Debug|Any CPU
		{FEC31B9D-519B-47D4-9BAB-C22DB2E9F019}.Debug|Any CPU.Build.0 = Debug|Any CPU
		{FEC31B9D-519B-47D4-9BAB-C22DB2E9F019}.Release|Any CPU.ActiveCfg = Release|Any CPU
		{FEC31B9D-519B-47D4-9BAB-C22DB2E9F019}.Release|Any CPU.Build.0 = Release|Any CPU
		{0ABE341C-07E1-425E-A36B-357DC55AACE8}.Debug|Any CPU.ActiveCfg = Debug|Any CPU
		{0ABE341C-07E1-425E-A36B-357DC55AACE8}.Debug|Any CPU.Build.0 = Debug|Any CPU
		{0ABE341C-07E1-425E-A36B-357DC55AACE8}.Release|Any CPU.ActiveCfg = Release|Any CPU
		{0ABE341C-07E1-425E-A36B-357DC55AACE8}.Release|Any CPU.Build.0 = Release|Any CPU
		{AEE527CD-FF99-43A9-A602-CAA3472AE315}.Debug|Any CPU.ActiveCfg = Debug|Any CPU
		{AEE527CD-FF99-43A9-A602-CAA3472AE315}.Debug|Any CPU.Build.0 = Debug|Any CPU
		{AEE527CD-FF99-43A9-A602-CAA3472AE315}.Release|Any CPU.ActiveCfg = Release|Any CPU
		{AEE527CD-FF99-43A9-A602-CAA3472AE315}.Release|Any CPU.Build.0 = Release|Any CPU
		{ABBF6024-01FF-4415-B508-EA037A80C161}.Debug|Any CPU.ActiveCfg = Debug|Any CPU
		{ABBF6024-01FF-4415-B508-EA037A80C161}.Debug|Any CPU.Build.0 = Debug|Any CPU
		{ABBF6024-01FF-4415-B508-EA037A80C161}.Release|Any CPU.ActiveCfg = Release|Any CPU
		{ABBF6024-01FF-4415-B508-EA037A80C161}.Release|Any CPU.Build.0 = Release|Any CPU
		{FD8F6528-AAA4-46FE-81FF-E6A71AD6E73D}.Debug|Any CPU.ActiveCfg = Debug|Any CPU
		{FD8F6528-AAA4-46FE-81FF-E6A71AD6E73D}.Debug|Any CPU.Build.0 = Debug|Any CPU
		{FD8F6528-AAA4-46FE-81FF-E6A71AD6E73D}.Release|Any CPU.ActiveCfg = Release|Any CPU
		{FD8F6528-AAA4-46FE-81FF-E6A71AD6E73D}.Release|Any CPU.Build.0 = Release|Any CPU
		{2ECF889F-3AD2-4E4A-A0D5-001D801FC063}.Debug|Any CPU.ActiveCfg = Debug|Any CPU
		{2ECF889F-3AD2-4E4A-A0D5-001D801FC063}.Debug|Any CPU.Build.0 = Debug|Any CPU
		{2ECF889F-3AD2-4E4A-A0D5-001D801FC063}.Release|Any CPU.ActiveCfg = Release|Any CPU
		{2ECF889F-3AD2-4E4A-A0D5-001D801FC063}.Release|Any CPU.Build.0 = Release|Any CPU
		{0157C975-AC4B-4128-B574-875F5A04F0C6}.Debug|Any CPU.ActiveCfg = Debug|Any CPU
		{0157C975-AC4B-4128-B574-875F5A04F0C6}.Debug|Any CPU.Build.0 = Debug|Any CPU
		{0157C975-AC4B-4128-B574-875F5A04F0C6}.Release|Any CPU.ActiveCfg = Release|Any CPU
		{0157C975-AC4B-4128-B574-875F5A04F0C6}.Release|Any CPU.Build.0 = Release|Any CPU
		{63035113-389E-4C2A-886B-FF8C62E037B4}.Debug|Any CPU.ActiveCfg = Debug|Any CPU
		{63035113-389E-4C2A-886B-FF8C62E037B4}.Debug|Any CPU.Build.0 = Debug|Any CPU
		{63035113-389E-4C2A-886B-FF8C62E037B4}.Release|Any CPU.ActiveCfg = Release|Any CPU
		{63035113-389E-4C2A-886B-FF8C62E037B4}.Release|Any CPU.Build.0 = Release|Any CPU
		{CB119E82-86B5-4F6B-B82C-53E3B06ABFFA}.Debug|Any CPU.ActiveCfg = Debug|Any CPU
		{CB119E82-86B5-4F6B-B82C-53E3B06ABFFA}.Debug|Any CPU.Build.0 = Debug|Any CPU
		{CB119E82-86B5-4F6B-B82C-53E3B06ABFFA}.Release|Any CPU.ActiveCfg = Release|Any CPU
		{CB119E82-86B5-4F6B-B82C-53E3B06ABFFA}.Release|Any CPU.Build.0 = Release|Any CPU
		{705A8A7E-0226-4A59-99AE-F3D49CED3A8F}.Debug|Any CPU.ActiveCfg = Debug|Any CPU
		{705A8A7E-0226-4A59-99AE-F3D49CED3A8F}.Debug|Any CPU.Build.0 = Debug|Any CPU
		{705A8A7E-0226-4A59-99AE-F3D49CED3A8F}.Release|Any CPU.ActiveCfg = Release|Any CPU
		{705A8A7E-0226-4A59-99AE-F3D49CED3A8F}.Release|Any CPU.Build.0 = Release|Any CPU
		{E08224B2-A143-4D66-8572-8411E6D784AB}.Debug|Any CPU.ActiveCfg = Debug|Any CPU
		{E08224B2-A143-4D66-8572-8411E6D784AB}.Debug|Any CPU.Build.0 = Debug|Any CPU
		{E08224B2-A143-4D66-8572-8411E6D784AB}.Release|Any CPU.ActiveCfg = Release|Any CPU
		{E08224B2-A143-4D66-8572-8411E6D784AB}.Release|Any CPU.Build.0 = Release|Any CPU
		{FB4FF7FE-91FB-4E6B-8DB6-2A09275C7FFF}.Debug|Any CPU.ActiveCfg = Debug|Any CPU
		{FB4FF7FE-91FB-4E6B-8DB6-2A09275C7FFF}.Debug|Any CPU.Build.0 = Debug|Any CPU
		{FB4FF7FE-91FB-4E6B-8DB6-2A09275C7FFF}.Release|Any CPU.ActiveCfg = Release|Any CPU
		{FB4FF7FE-91FB-4E6B-8DB6-2A09275C7FFF}.Release|Any CPU.Build.0 = Release|Any CPU
		{D0DAEECC-25A3-4227-9188-49E9BBE47DF8}.Debug|Any CPU.ActiveCfg = Debug|Any CPU
		{D0DAEECC-25A3-4227-9188-49E9BBE47DF8}.Debug|Any CPU.Build.0 = Debug|Any CPU
		{D0DAEECC-25A3-4227-9188-49E9BBE47DF8}.Release|Any CPU.ActiveCfg = Release|Any CPU
		{D0DAEECC-25A3-4227-9188-49E9BBE47DF8}.Release|Any CPU.Build.0 = Release|Any CPU
		{FB8FBAAD-A0C4-4020-970A-88FE98003E8E}.Debug|Any CPU.ActiveCfg = Debug|Any CPU
		{FB8FBAAD-A0C4-4020-970A-88FE98003E8E}.Debug|Any CPU.Build.0 = Debug|Any CPU
		{FB8FBAAD-A0C4-4020-970A-88FE98003E8E}.Release|Any CPU.ActiveCfg = Release|Any CPU
		{FB8FBAAD-A0C4-4020-970A-88FE98003E8E}.Release|Any CPU.Build.0 = Release|Any CPU
		{35B716F8-10D8-4D82-87C4-214AD60CC898}.Debug|Any CPU.ActiveCfg = Debug|Any CPU
		{35B716F8-10D8-4D82-87C4-214AD60CC898}.Debug|Any CPU.Build.0 = Debug|Any CPU
		{35B716F8-10D8-4D82-87C4-214AD60CC898}.Release|Any CPU.ActiveCfg = Release|Any CPU
		{35B716F8-10D8-4D82-87C4-214AD60CC898}.Release|Any CPU.Build.0 = Release|Any CPU
		{6C2BC032-00E4-45A3-9F02-B7C1B7F2046A}.Debug|Any CPU.ActiveCfg = Debug|Any CPU
		{6C2BC032-00E4-45A3-9F02-B7C1B7F2046A}.Debug|Any CPU.Build.0 = Debug|Any CPU
		{6C2BC032-00E4-45A3-9F02-B7C1B7F2046A}.Release|Any CPU.ActiveCfg = Release|Any CPU
		{6C2BC032-00E4-45A3-9F02-B7C1B7F2046A}.Release|Any CPU.Build.0 = Release|Any CPU
		{E360718A-C6DE-4413-BDC1-5DBC0EDD0C30}.Debug|Any CPU.ActiveCfg = Debug|Any CPU
		{E360718A-C6DE-4413-BDC1-5DBC0EDD0C30}.Debug|Any CPU.Build.0 = Debug|Any CPU
		{E360718A-C6DE-4413-BDC1-5DBC0EDD0C30}.Release|Any CPU.ActiveCfg = Release|Any CPU
		{E360718A-C6DE-4413-BDC1-5DBC0EDD0C30}.Release|Any CPU.Build.0 = Release|Any CPU
		{F620AAF9-D3AF-4392-B26A-5DA9C27F0D03}.Debug|Any CPU.ActiveCfg = Debug|Any CPU
		{F620AAF9-D3AF-4392-B26A-5DA9C27F0D03}.Debug|Any CPU.Build.0 = Debug|Any CPU
		{F620AAF9-D3AF-4392-B26A-5DA9C27F0D03}.Release|Any CPU.ActiveCfg = Release|Any CPU
		{F620AAF9-D3AF-4392-B26A-5DA9C27F0D03}.Release|Any CPU.Build.0 = Release|Any CPU
		{E62DE509-3D03-49CC-BDB1-9A862DD1923E}.Debug|Any CPU.ActiveCfg = Debug|Any CPU
		{E62DE509-3D03-49CC-BDB1-9A862DD1923E}.Debug|Any CPU.Build.0 = Debug|Any CPU
		{E62DE509-3D03-49CC-BDB1-9A862DD1923E}.Release|Any CPU.ActiveCfg = Release|Any CPU
		{E62DE509-3D03-49CC-BDB1-9A862DD1923E}.Release|Any CPU.Build.0 = Release|Any CPU
		{484F6DC6-7AAB-4CCC-87BA-4C8EF39D76BF}.Debug|Any CPU.ActiveCfg = Debug|Any CPU
		{484F6DC6-7AAB-4CCC-87BA-4C8EF39D76BF}.Debug|Any CPU.Build.0 = Debug|Any CPU
		{484F6DC6-7AAB-4CCC-87BA-4C8EF39D76BF}.Release|Any CPU.ActiveCfg = Release|Any CPU
		{484F6DC6-7AAB-4CCC-87BA-4C8EF39D76BF}.Release|Any CPU.Build.0 = Release|Any CPU
		{E3934799-ECAF-45F8-B5C4-6DD90AF7F8F3}.Debug|Any CPU.ActiveCfg = Debug|Any CPU
		{E3934799-ECAF-45F8-B5C4-6DD90AF7F8F3}.Debug|Any CPU.Build.0 = Debug|Any CPU
		{E3934799-ECAF-45F8-B5C4-6DD90AF7F8F3}.Release|Any CPU.ActiveCfg = Release|Any CPU
		{E3934799-ECAF-45F8-B5C4-6DD90AF7F8F3}.Release|Any CPU.Build.0 = Release|Any CPU
		{AA447A24-F589-460B-A333-8C215D47EA29}.Debug|Any CPU.ActiveCfg = Debug|Any CPU
		{AA447A24-F589-460B-A333-8C215D47EA29}.Debug|Any CPU.Build.0 = Debug|Any CPU
		{AA447A24-F589-460B-A333-8C215D47EA29}.Release|Any CPU.ActiveCfg = Release|Any CPU
		{AA447A24-F589-460B-A333-8C215D47EA29}.Release|Any CPU.Build.0 = Release|Any CPU
		{F03E0AC1-12D1-453E-BE47-DBAC72D68809}.Debug|Any CPU.ActiveCfg = Debug|Any CPU
		{F03E0AC1-12D1-453E-BE47-DBAC72D68809}.Debug|Any CPU.Build.0 = Debug|Any CPU
		{F03E0AC1-12D1-453E-BE47-DBAC72D68809}.Release|Any CPU.ActiveCfg = Release|Any CPU
		{F03E0AC1-12D1-453E-BE47-DBAC72D68809}.Release|Any CPU.Build.0 = Release|Any CPU
		{B0BC8EC7-15A7-4127-8BA5-478F4217DBA7}.Debug|Any CPU.ActiveCfg = Debug|Any CPU
		{B0BC8EC7-15A7-4127-8BA5-478F4217DBA7}.Debug|Any CPU.Build.0 = Debug|Any CPU
		{B0BC8EC7-15A7-4127-8BA5-478F4217DBA7}.Release|Any CPU.ActiveCfg = Release|Any CPU
		{B0BC8EC7-15A7-4127-8BA5-478F4217DBA7}.Release|Any CPU.Build.0 = Release|Any CPU
		{021CE6F5-C861-4F09-AE40-912F4EF796EB}.Debug|Any CPU.ActiveCfg = Debug|Any CPU
		{021CE6F5-C861-4F09-AE40-912F4EF796EB}.Debug|Any CPU.Build.0 = Debug|Any CPU
		{021CE6F5-C861-4F09-AE40-912F4EF796EB}.Release|Any CPU.ActiveCfg = Release|Any CPU
		{021CE6F5-C861-4F09-AE40-912F4EF796EB}.Release|Any CPU.Build.0 = Release|Any CPU
		{3FCA9633-BC09-43D9-B6A4-ECAD813DDAD1}.Debug|Any CPU.ActiveCfg = Debug|Any CPU
		{3FCA9633-BC09-43D9-B6A4-ECAD813DDAD1}.Debug|Any CPU.Build.0 = Debug|Any CPU
		{3FCA9633-BC09-43D9-B6A4-ECAD813DDAD1}.Release|Any CPU.ActiveCfg = Release|Any CPU
		{3FCA9633-BC09-43D9-B6A4-ECAD813DDAD1}.Release|Any CPU.Build.0 = Release|Any CPU
		{BAF7C83B-F91B-4B5E-91D4-A484FC7551DE}.Debug|Any CPU.ActiveCfg = Debug|Any CPU
		{BAF7C83B-F91B-4B5E-91D4-A484FC7551DE}.Debug|Any CPU.Build.0 = Debug|Any CPU
		{BAF7C83B-F91B-4B5E-91D4-A484FC7551DE}.Release|Any CPU.ActiveCfg = Release|Any CPU
		{BAF7C83B-F91B-4B5E-91D4-A484FC7551DE}.Release|Any CPU.Build.0 = Release|Any CPU
		{799875D5-AF08-42CB-9591-2A20AE80F209}.Debug|Any CPU.ActiveCfg = Debug|Any CPU
		{799875D5-AF08-42CB-9591-2A20AE80F209}.Debug|Any CPU.Build.0 = Debug|Any CPU
		{799875D5-AF08-42CB-9591-2A20AE80F209}.Release|Any CPU.ActiveCfg = Release|Any CPU
		{799875D5-AF08-42CB-9591-2A20AE80F209}.Release|Any CPU.Build.0 = Release|Any CPU
		{5CF9ED8D-D99F-46E6-B539-82EF4AE6E2E2}.Debug|Any CPU.ActiveCfg = Debug|Any CPU
		{5CF9ED8D-D99F-46E6-B539-82EF4AE6E2E2}.Debug|Any CPU.Build.0 = Debug|Any CPU
		{5CF9ED8D-D99F-46E6-B539-82EF4AE6E2E2}.Release|Any CPU.ActiveCfg = Release|Any CPU
		{5CF9ED8D-D99F-46E6-B539-82EF4AE6E2E2}.Release|Any CPU.Build.0 = Release|Any CPU
		{584C58B6-BA37-44C0-9450-65DD00560B32}.Debug|Any CPU.ActiveCfg = Debug|Any CPU
		{584C58B6-BA37-44C0-9450-65DD00560B32}.Debug|Any CPU.Build.0 = Debug|Any CPU
		{584C58B6-BA37-44C0-9450-65DD00560B32}.Release|Any CPU.ActiveCfg = Release|Any CPU
		{584C58B6-BA37-44C0-9450-65DD00560B32}.Release|Any CPU.Build.0 = Release|Any CPU
	EndGlobalSection
	GlobalSection(SolutionProperties) = preSolution
		HideSolutionNode = FALSE
	EndGlobalSection
	GlobalSection(NestedProjects) = preSolution
		{4E9AE1CB-3852-4719-9AA7-CDA603BEA86B} = {7CD98D03-3CE5-47D7-8F2A-ECA2EBA001FA}
		{7CD98D03-3CE5-47D7-8F2A-ECA2EBA001FA} = {44E6CE0A-96F2-4523-A84A-FD70E5C0E109}
		{BA6360E7-E90F-4858-8814-33DCBC43F7E5} = {44E6CE0A-96F2-4523-A84A-FD70E5C0E109}
		{138586C7-B6AE-42BC-B771-C7C04EF70733} = {BA6360E7-E90F-4858-8814-33DCBC43F7E5}
		{6B9E255A-ABDB-4BE0-92B7-71E25E436828} = {44E6CE0A-96F2-4523-A84A-FD70E5C0E109}
		{FFD266EB-81C9-416C-A82D-19A8A7D2EDE6} = {6B9E255A-ABDB-4BE0-92B7-71E25E436828}
		{E7C7BFAE-7CFE-40C3-9967-ECFCDFC0B3AC} = {44E6CE0A-96F2-4523-A84A-FD70E5C0E109}
		{763D4F7D-1B7B-4CAE-BD64-CE1D796352C1} = {E7C7BFAE-7CFE-40C3-9967-ECFCDFC0B3AC}
		{D83CCDD3-4F99-4CB3-B081-66F20F06C4E8} = {44E6CE0A-96F2-4523-A84A-FD70E5C0E109}
		{A88061AC-7AAE-4C33-BD92-8BE4F6185480} = {D83CCDD3-4F99-4CB3-B081-66F20F06C4E8}
		{F1094124-5AB0-47B9-BD73-6206EC335EF0} = {E7EF882F-D482-4BCC-BFD3-D98BEBCE9360}
		{2C32FD69-CB30-4572-91B4-928E08615D5B} = {F1094124-5AB0-47B9-BD73-6206EC335EF0}
		{A73462CC-69B4-465F-9603-3023FC9038DA} = {E7EF882F-D482-4BCC-BFD3-D98BEBCE9360}
		{5526ABCB-C643-42DB-9533-040EAEF151C0} = {A73462CC-69B4-465F-9603-3023FC9038DA}
		{F1B55E7F-0CA8-42BE-BACB-39BB78B20433} = {E7EF882F-D482-4BCC-BFD3-D98BEBCE9360}
		{C4684E64-817B-40DE-B5EC-3346A164EBAC} = {F1B55E7F-0CA8-42BE-BACB-39BB78B20433}
		{84C3CAED-4068-4101-9407-CEA00AD0315F} = {E7EF882F-D482-4BCC-BFD3-D98BEBCE9360}
		{38E8C8E7-316E-414D-A063-60A92ED97867} = {84C3CAED-4068-4101-9407-CEA00AD0315F}
		{29CE6333-1434-4BF5-B240-D2A43A602362} = {E7EF882F-D482-4BCC-BFD3-D98BEBCE9360}
		{BE5EDA63-D2D8-4EEB-BEC8-654C308594C5} = {29CE6333-1434-4BF5-B240-D2A43A602362}
		{578C5C73-FB21-4C7E-9FF5-8BCE4F8AED98} = {E7EF882F-D482-4BCC-BFD3-D98BEBCE9360}
		{F2DE19E3-C89B-4C98-BD45-729619842DAF} = {578C5C73-FB21-4C7E-9FF5-8BCE4F8AED98}
		{2E4B4450-806A-4323-955A-7BC1E44EEB0A} = {E7EF882F-D482-4BCC-BFD3-D98BEBCE9360}
		{34E256B7-557D-4563-9CBC-5D17ECB400EC} = {2E4B4450-806A-4323-955A-7BC1E44EEB0A}
		{3D28C01D-C66A-41DE-91F9-97308D3B1965} = {E7EF882F-D482-4BCC-BFD3-D98BEBCE9360}
		{10D24B7D-1B65-4D5A-A707-6D45B640EC8D} = {3D28C01D-C66A-41DE-91F9-97308D3B1965}
		{64F8CB6A-655D-4964-93F5-903A5C6AF24F} = {E7EF882F-D482-4BCC-BFD3-D98BEBCE9360}
		{F00BFA57-3241-4D5A-9581-4358CAEE6144} = {64F8CB6A-655D-4964-93F5-903A5C6AF24F}
		{A90542E7-44AE-4006-8DA8-7F52D54E02DA} = {E7EF882F-D482-4BCC-BFD3-D98BEBCE9360}
		{DB271D4B-8F72-4AFB-A574-3F0DCAE9E7D6} = {A90542E7-44AE-4006-8DA8-7F52D54E02DA}
		{C2204F1B-2BD9-4499-8B2C-0C9D82015312} = {E7EF882F-D482-4BCC-BFD3-D98BEBCE9360}
		{04BCA482-2277-499B-B69F-6B87665D6FED} = {C2204F1B-2BD9-4499-8B2C-0C9D82015312}
		{C0B8A7BF-4CCD-4252-A466-DAC9D8008E6F} = {76EA65FF-045D-4033-AFC6-FFB0C1CEC7A8}
		{7DE45408-0B94-4007-A6DD-F64FC4962C74} = {C0B8A7BF-4CCD-4252-A466-DAC9D8008E6F}
		{2FE3CDB6-7607-4F2C-9081-1D9CD97528BB} = {76EA65FF-045D-4033-AFC6-FFB0C1CEC7A8}
		{4C7A7970-FC39-40B8-8AE6-63361DE462A2} = {2FE3CDB6-7607-4F2C-9081-1D9CD97528BB}
		{FEFCEEA4-BC39-44DC-B310-08BD2CD9B9F1} = {76EA65FF-045D-4033-AFC6-FFB0C1CEC7A8}
		{AEDA35D5-92B3-4B38-8383-CA278D2456D2} = {FEFCEEA4-BC39-44DC-B310-08BD2CD9B9F1}
		{C4C1B690-19B7-4E56-8F54-331481E0B870} = {76EA65FF-045D-4033-AFC6-FFB0C1CEC7A8}
		{A2D86A40-9FED-4F3D-8C21-79972D3C8A1F} = {C4C1B690-19B7-4E56-8F54-331481E0B870}
		{19E87E99-C984-45F3-9D34-914F7A5E7D9E} = {76EA65FF-045D-4033-AFC6-FFB0C1CEC7A8}
		{C67019C5-D046-4500-8DD9-48684C28FAD3} = {19E87E99-C984-45F3-9D34-914F7A5E7D9E}
		{6C5A6F65-6F57-4940-8939-FD7CA882A55D} = {76EA65FF-045D-4033-AFC6-FFB0C1CEC7A8}
		{43515A82-7A4B-4EF2-B221-21D5A98B0A9D} = {6C5A6F65-6F57-4940-8939-FD7CA882A55D}
		{3E189953-D466-48C3-8AFD-93D56ED319BC} = {76EA65FF-045D-4033-AFC6-FFB0C1CEC7A8}
		{7C9B790D-FF89-449F-8164-7635D610D310} = {3E189953-D466-48C3-8AFD-93D56ED319BC}
		{9655EBC3-F756-46F7-ADC9-F313A1953BAE} = {76EA65FF-045D-4033-AFC6-FFB0C1CEC7A8}
		{DA723531-8275-4DE0-97F7-3914821C169A} = {9655EBC3-F756-46F7-ADC9-F313A1953BAE}
		{3B9BF590-23AF-4C4F-AA34-FC2D232DFEB7} = {D0172CF4-845E-4B6C-A743-F985959C5A9F}
		{BDCB1724-3F48-45B6-BB94-CDA891254050} = {3B9BF590-23AF-4C4F-AA34-FC2D232DFEB7}
		{ADB76762-7DB7-49D6-8EE9-F0EB497995A9} = {D0172CF4-845E-4B6C-A743-F985959C5A9F}
		{1730C764-A50A-4BDC-9218-B880FEADCDB6} = {ADB76762-7DB7-49D6-8EE9-F0EB497995A9}
		{A5A8E4F8-2BE8-4F80-B552-3E6676552D8E} = {D0172CF4-845E-4B6C-A743-F985959C5A9F}
		{CB9D65D4-C295-4440-8522-DA57EFE0C38B} = {A5A8E4F8-2BE8-4F80-B552-3E6676552D8E}
		{4B161F81-8593-4856-BBB2-728208008388} = {81C2AA60-8680-44CB-AD83-8827343EE996}
		{9C40BE00-C452-4278-AEA2-A0EA24D18778} = {4B161F81-8593-4856-BBB2-728208008388}
		{035B326B-D7BF-49BE-B7A8-9A2C0EE05088} = {81C2AA60-8680-44CB-AD83-8827343EE996}
		{55550683-D7C9-487A-BD47-99D7C406651E} = {035B326B-D7BF-49BE-B7A8-9A2C0EE05088}
		{8A4BDB7D-E809-4E46-9820-2EA64E58A00D} = {81C2AA60-8680-44CB-AD83-8827343EE996}
		{42D02A80-F50E-47AE-9F24-3B341E21EFEF} = {8A4BDB7D-E809-4E46-9820-2EA64E58A00D}
		{94D5A9D6-FBBA-4A4B-ABF8-388072FBBD97} = {81C2AA60-8680-44CB-AD83-8827343EE996}
		{5C6B6FCF-CF47-420C-AB96-9BA77E335596} = {94D5A9D6-FBBA-4A4B-ABF8-388072FBBD97}
		{8AA9E009-E0D6-43A0-859B-67157A386ACB} = {81C2AA60-8680-44CB-AD83-8827343EE996}
		{EC03CE05-C6AD-4161-B856-48C0E9C6380C} = {8AA9E009-E0D6-43A0-859B-67157A386ACB}
		{6A3FD604-4525-4BB1-8ED0-C95BFE21B1CA} = {81C2AA60-8680-44CB-AD83-8827343EE996}
		{7ADB5593-5C91-46F6-B274-29719411BF15} = {6A3FD604-4525-4BB1-8ED0-C95BFE21B1CA}
		{5E853B64-122C-40FD-B509-9E1DD6E52E88} = {81C2AA60-8680-44CB-AD83-8827343EE996}
		{7F748AF6-8475-4002-9C61-A1F5C4F8267C} = {5E853B64-122C-40FD-B509-9E1DD6E52E88}
		{480EFB19-0D10-40C2-91D2-7307DB90D874} = {EA194C47-05B5-4B55-AF9A-98C4C26E1655}
		{9AB31C16-73A5-4EE8-87E4-F15A7845F9B6} = {480EFB19-0D10-40C2-91D2-7307DB90D874}
		{D124BCC7-5446-4542-B0F5-3D499E160963} = {EA194C47-05B5-4B55-AF9A-98C4C26E1655}
		{2B2F2FD0-52AF-428A-8D76-A67A95894DEB} = {D124BCC7-5446-4542-B0F5-3D499E160963}
		{63C20A50-2E7B-43AE-A95D-244EC88AB5B1} = {EA194C47-05B5-4B55-AF9A-98C4C26E1655}
		{E291699C-141E-447C-A3CF-4F54C55BA2E1} = {63C20A50-2E7B-43AE-A95D-244EC88AB5B1}
		{6B237657-F0D0-40E9-A888-A76097AE8507} = {E291699C-141E-447C-A3CF-4F54C55BA2E1}
		{500260DB-9E49-4944-9242-7766436A2AF5} = {63C20A50-2E7B-43AE-A95D-244EC88AB5B1}
		{84B86B4F-BF40-4E40-BBFE-2211AF47EB5A} = {500260DB-9E49-4944-9242-7766436A2AF5}
		{C14F8E48-4F73-4626-A1E4-6DDB03752377} = {63C20A50-2E7B-43AE-A95D-244EC88AB5B1}
		{89ADCFEA-5979-4051-A606-6311E166DD44} = {C14F8E48-4F73-4626-A1E4-6DDB03752377}
		{8C5BE6A0-5690-43B6-AFEC-998AD14BDB64} = {63C20A50-2E7B-43AE-A95D-244EC88AB5B1}
		{00D9EBF3-DEA3-4806-901E-2F07F25A17A3} = {8C5BE6A0-5690-43B6-AFEC-998AD14BDB64}
		{04787744-7212-4C58-B67E-0BE02AE95235} = {8B8C73ED-B2D2-4A98-B6CB-37C9DD948CB2}
		{C29EE283-6352-43B6-B547-02FE2E39E9B6} = {8B8C73ED-B2D2-4A98-B6CB-37C9DD948CB2}
		{6FA6EF53-5670-4309-9B71-6C0E64AFF33C} = {C29EE283-6352-43B6-B547-02FE2E39E9B6}
		{E069FB7A-73C8-4E27-B5B1-0DDDA37F8F2A} = {8B8C73ED-B2D2-4A98-B6CB-37C9DD948CB2}
		{3DB0F7BE-BED1-45E1-AFD9-347013480808} = {E069FB7A-73C8-4E27-B5B1-0DDDA37F8F2A}
		{ABCDEBD3-4CA2-44F2-88A1-9AE0F701878C} = {8B8C73ED-B2D2-4A98-B6CB-37C9DD948CB2}
		{EE817906-74B6-4A56-93DE-A390A1AB923D} = {ABCDEBD3-4CA2-44F2-88A1-9AE0F701878C}
		{FBC93D61-0060-4440-91DA-0124BF04EAA9} = {EE817906-74B6-4A56-93DE-A390A1AB923D}
		{E7228D69-AA91-4BB6-92B5-9E00265492F0} = {ABCDEBD3-4CA2-44F2-88A1-9AE0F701878C}
		{EB19C9F8-8B26-4A83-B0EA-6F3375AEB5C7} = {E7228D69-AA91-4BB6-92B5-9E00265492F0}
		{E3BC7F04-5EC9-4BC7-A3C4-9AC487729BAF} = {FB128A91-19C6-41A3-8259-F117798B68D1}
		{674EDC2F-2A5E-44A8-8B6F-6DFBDC50309C} = {E3BC7F04-5EC9-4BC7-A3C4-9AC487729BAF}
		{C3F505B8-F04A-433C-AA35-A1456B39701C} = {FB128A91-19C6-41A3-8259-F117798B68D1}
		{7358CBB6-3862-4344-BB71-F7945988F95B} = {C3F505B8-F04A-433C-AA35-A1456B39701C}
		{348757C8-44AD-4A90-903A-62CD31D4837D} = {7358CBB6-3862-4344-BB71-F7945988F95B}
		{81180975-4C89-4A5D-96A5-1297E991ABFE} = {0BE25382-64DF-47F9-9A63-D2C059819BE2}
		{FEC31B9D-519B-47D4-9BAB-C22DB2E9F019} = {81180975-4C89-4A5D-96A5-1297E991ABFE}
		{3726EF43-3854-4DC7-AAE2-4443061171F2} = {0BE25382-64DF-47F9-9A63-D2C059819BE2}
		{0ABE341C-07E1-425E-A36B-357DC55AACE8} = {3726EF43-3854-4DC7-AAE2-4443061171F2}
		{48EDA82C-DD71-45A0-8C3F-032A2322C801} = {0BE25382-64DF-47F9-9A63-D2C059819BE2}
		{AEE527CD-FF99-43A9-A602-CAA3472AE315} = {48EDA82C-DD71-45A0-8C3F-032A2322C801}
		{D892E9AB-6A9E-4717-90C8-A99D16C659AB} = {0BE25382-64DF-47F9-9A63-D2C059819BE2}
		{ABBF6024-01FF-4415-B508-EA037A80C161} = {D892E9AB-6A9E-4717-90C8-A99D16C659AB}
		{3B90837F-7AB5-4EC3-9EFB-54FA185F6A29} = {0BE25382-64DF-47F9-9A63-D2C059819BE2}
		{FD8F6528-AAA4-46FE-81FF-E6A71AD6E73D} = {3B90837F-7AB5-4EC3-9EFB-54FA185F6A29}
		{465553FA-2A56-4A91-B596-65133A8AC1E8} = {4E22C2C5-B2AB-4EE4-BFD6-D2C03CF9E901}
		{2ECF889F-3AD2-4E4A-A0D5-001D801FC063} = {465553FA-2A56-4A91-B596-65133A8AC1E8}
		{1CE1D58D-88F2-4EE5-832D-26F2E2554556} = {4E22C2C5-B2AB-4EE4-BFD6-D2C03CF9E901}
		{0157C975-AC4B-4128-B574-875F5A04F0C6} = {1CE1D58D-88F2-4EE5-832D-26F2E2554556}
		{3EDC8A22-8AA1-4F0D-A506-72CD5D542C25} = {4E22C2C5-B2AB-4EE4-BFD6-D2C03CF9E901}
		{63035113-389E-4C2A-886B-FF8C62E037B4} = {3EDC8A22-8AA1-4F0D-A506-72CD5D542C25}
		{CB119E82-86B5-4F6B-B82C-53E3B06ABFFA} = {1CE1D58D-88F2-4EE5-832D-26F2E2554556}
		{705A8A7E-0226-4A59-99AE-F3D49CED3A8F} = {4E22C2C5-B2AB-4EE4-BFD6-D2C03CF9E901}
		{F0769833-75B8-42E8-83BB-D95003EB4872} = {A736F237-EEA4-4865-9B14-CC3C0D9CA0F6}
		{E08224B2-A143-4D66-8572-8411E6D784AB} = {F0769833-75B8-42E8-83BB-D95003EB4872}
		{FB4FF7FE-91FB-4E6B-8DB6-2A09275C7FFF} = {F0769833-75B8-42E8-83BB-D95003EB4872}
		{D0DAEECC-25A3-4227-9188-49E9BBE47DF8} = {DEA4FA5E-B6C9-403B-8093-756C968BD02A}
		{FB8FBAAD-A0C4-4020-970A-88FE98003E8E} = {DEA4FA5E-B6C9-403B-8093-756C968BD02A}
		{35B716F8-10D8-4D82-87C4-214AD60CC898} = {DEA4FA5E-B6C9-403B-8093-756C968BD02A}
		{6C2BC032-00E4-45A3-9F02-B7C1B7F2046A} = {DEA4FA5E-B6C9-403B-8093-756C968BD02A}
		{E360718A-C6DE-4413-BDC1-5DBC0EDD0C30} = {DEA4FA5E-B6C9-403B-8093-756C968BD02A}
		{F620AAF9-D3AF-4392-B26A-5DA9C27F0D03} = {DEA4FA5E-B6C9-403B-8093-756C968BD02A}
		{E62DE509-3D03-49CC-BDB1-9A862DD1923E} = {DEA4FA5E-B6C9-403B-8093-756C968BD02A}
		{484F6DC6-7AAB-4CCC-87BA-4C8EF39D76BF} = {DEA4FA5E-B6C9-403B-8093-756C968BD02A}
		{E3934799-ECAF-45F8-B5C4-6DD90AF7F8F3} = {A6919AD4-9EF3-4D78-A591-324D8B22D93B}
		{AA447A24-F589-460B-A333-8C215D47EA29} = {A6919AD4-9EF3-4D78-A591-324D8B22D93B}
		{F03E0AC1-12D1-453E-BE47-DBAC72D68809} = {A6919AD4-9EF3-4D78-A591-324D8B22D93B}
		{B0BC8EC7-15A7-4127-8BA5-478F4217DBA7} = {A6919AD4-9EF3-4D78-A591-324D8B22D93B}
		{021CE6F5-C861-4F09-AE40-912F4EF796EB} = {A6919AD4-9EF3-4D78-A591-324D8B22D93B}
		{3FCA9633-BC09-43D9-B6A4-ECAD813DDAD1} = {A6919AD4-9EF3-4D78-A591-324D8B22D93B}
		{BAF7C83B-F91B-4B5E-91D4-A484FC7551DE} = {A6919AD4-9EF3-4D78-A591-324D8B22D93B}
		{799875D5-AF08-42CB-9591-2A20AE80F209} = {A6919AD4-9EF3-4D78-A591-324D8B22D93B}
		{5CF9ED8D-D99F-46E6-B539-82EF4AE6E2E2} = {A6919AD4-9EF3-4D78-A591-324D8B22D93B}
		{584C58B6-BA37-44C0-9450-65DD00560B32} = {A736F237-EEA4-4865-9B14-CC3C0D9CA0F6}
	EndGlobalSection
	GlobalSection(ExtensibilityGlobals) = postSolution
		SolutionGuid = {76411D77-ACB9-4A08-8204-A6847D7F651E}
	EndGlobalSection
EndGlobal
