
Microsoft Visual Studio Solution File, Format Version 12.00
# Visual Studio Version 17
VisualStudioVersion = 17.11.35222.181
MinimumVisualStudioVersion = 10.0.40219.1
Project("{FAE04EC0-301F-11D3-BF4B-00C04F79EFBC}") = "Ex_3.2.4", "Module_3\Ex_3.2.4.csproj", "{4E9AE1CB-3852-4719-9AA7-CDA603BEA86B}"
EndProject
Project("{2150E333-8FDC-42A3-9474-1A3956D46DE8}") = "Module 3", "Module 3", "{44E6CE0A-96F2-4523-A84A-FD70E5C0E109}"
EndProject
Project("{2150E333-8FDC-42A3-9474-1A3956D46DE8}") = "Ex_324", "Ex_324", "{7CD98D03-3CE5-47D7-8F2A-ECA2EBA001FA}"
EndProject
Project("{2150E333-8FDC-42A3-9474-1A3956D46DE8}") = "Ex_332", "Ex_332", "{BA6360E7-E90F-4858-8814-33DCBC43F7E5}"
EndProject
Project("{FAE04EC0-301F-11D3-BF4B-00C04F79EFBC}") = "Ex_3.3.2", "Ex_3.3.2\Ex_3.3.2.csproj", "{138586C7-B6AE-42BC-B771-C7C04EF70733}"
EndProject
Project("{2150E333-8FDC-42A3-9474-1A3956D46DE8}") = "Ex_343", "Ex_343", "{6B9E255A-ABDB-4BE0-92B7-71E25E436828}"
EndProject
Project("{FAE04EC0-301F-11D3-BF4B-00C04F79EFBC}") = "Ex_3.4.3", "Ex_3.4.3\Ex_3.4.3.csproj", "{FFD266EB-81C9-416C-A82D-19A8A7D2EDE6}"
EndProject
Project("{2150E333-8FDC-42A3-9474-1A3956D46DE8}") = "Ex_368", "Ex_368", "{E7C7BFAE-7CFE-40C3-9967-ECFCDFC0B3AC}"
EndProject
Project("{FAE04EC0-301F-11D3-BF4B-00C04F79EFBC}") = "Ex_3.6.8", "Ex_3.6.8\Ex_3.6.8.csproj", "{763D4F7D-1B7B-4CAE-BD64-CE1D796352C1}"
EndProject
Project("{2150E333-8FDC-42A3-9474-1A3956D46DE8}") = "Final Ex", "Final Ex", "{D83CCDD3-4F99-4CB3-B081-66F20F06C4E8}"
EndProject
Project("{FAE04EC0-301F-11D3-BF4B-00C04F79EFBC}") = "Fin_Ex", "Ex_3.7.2\Fin_Ex.csproj", "{A88061AC-7AAE-4C33-BD92-8BE4F6185480}"
EndProject
Project("{2150E333-8FDC-42A3-9474-1A3956D46DE8}") = "Module 4", "Module 4", "{E7EF882F-D482-4BCC-BFD3-D98BEBCE9360}"
EndProject
Project("{2150E333-8FDC-42A3-9474-1A3956D46DE8}") = "Ex_4.1.4", "Ex_4.1.4", "{F1094124-5AB0-47B9-BD73-6206EC335EF0}"
EndProject
Project("{FAE04EC0-301F-11D3-BF4B-00C04F79EFBC}") = "Ex 4.1.4", "Ex 4.1.4\Ex 4.1.4.csproj", "{2C32FD69-CB30-4572-91B4-928E08615D5B}"
EndProject
Project("{2150E333-8FDC-42A3-9474-1A3956D46DE8}") = "Ex_4.1.5", "Ex_4.1.5", "{A73462CC-69B4-465F-9603-3023FC9038DA}"
EndProject
Project("{FAE04EC0-301F-11D3-BF4B-00C04F79EFBC}") = "Ex_4.1.5", "Ex_4.1.5\Ex_4.1.5.csproj", "{5526ABCB-C643-42DB-9533-040EAEF151C0}"
EndProject
Project("{2150E333-8FDC-42A3-9474-1A3956D46DE8}") = "EX_4.1.7", "EX_4.1.7", "{F1B55E7F-0CA8-42BE-BACB-39BB78B20433}"
EndProject
Project("{FAE04EC0-301F-11D3-BF4B-00C04F79EFBC}") = "Ex_4.1.7", "Ex_4.1.7\Ex_4.1.7.csproj", "{C4684E64-817B-40DE-B5EC-3346A164EBAC}"
EndProject
Project("{2150E333-8FDC-42A3-9474-1A3956D46DE8}") = "Ex_4.2.11", "Ex_4.2.11", "{84C3CAED-4068-4101-9407-CEA00AD0315F}"
EndProject
Project("{FAE04EC0-301F-11D3-BF4B-00C04F79EFBC}") = "Ex_4.2.11", "Ex_4.2.11\Ex_4.2.11.csproj", "{38E8C8E7-316E-414D-A063-60A92ED97867}"
EndProject
Project("{2150E333-8FDC-42A3-9474-1A3956D46DE8}") = "Ex_4.3.7", "Ex_4.3.7", "{29CE6333-1434-4BF5-B240-D2A43A602362}"
EndProject
Project("{FAE04EC0-301F-11D3-BF4B-00C04F79EFBC}") = "Ex_4.3.7", "Ex_4.3.7\Ex_4.3.7.csproj", "{BE5EDA63-D2D8-4EEB-BEC8-654C308594C5}"
EndProject
Project("{2150E333-8FDC-42A3-9474-1A3956D46DE8}") = "Ex_4.3.12", "Ex_4.3.12", "{578C5C73-FB21-4C7E-9FF5-8BCE4F8AED98}"
EndProject
Project("{FAE04EC0-301F-11D3-BF4B-00C04F79EFBC}") = "Ex_4.3.12", "Ex_4.3.122\Ex_4.3.12.csproj", "{F2DE19E3-C89B-4C98-BD45-729619842DAF}"
EndProject
Project("{2150E333-8FDC-42A3-9474-1A3956D46DE8}") = "Ex_4.3.14", "Ex_4.3.14", "{2E4B4450-806A-4323-955A-7BC1E44EEB0A}"
EndProject
Project("{FAE04EC0-301F-11D3-BF4B-00C04F79EFBC}") = "Ex_4.3.14", "Ex_4.3.14\Ex_4.3.14.csproj", "{34E256B7-557D-4563-9CBC-5D17ECB400EC}"
EndProject
Project("{2150E333-8FDC-42A3-9474-1A3956D46DE8}") = "Ex_4.3.16", "Ex_4.3.16", "{3D28C01D-C66A-41DE-91F9-97308D3B1965}"
EndProject
Project("{FAE04EC0-301F-11D3-BF4B-00C04F79EFBC}") = "Ex_4.3.16", "Ex_4.3.16\Ex_4.3.16.csproj", "{10D24B7D-1B65-4D5A-A707-6D45B640EC8D}"
EndProject
Project("{2150E333-8FDC-42A3-9474-1A3956D46DE8}") = "Ex_4.3.17", "Ex_4.3.17", "{64F8CB6A-655D-4964-93F5-903A5C6AF24F}"
EndProject
Project("{FAE04EC0-301F-11D3-BF4B-00C04F79EFBC}") = "Ex_4.3.17", "Ex_4.3.17\Ex_4.3.17.csproj", "{F00BFA57-3241-4D5A-9581-4358CAEE6144}"
EndProject
Project("{2150E333-8FDC-42A3-9474-1A3956D46DE8}") = "Ex_4.4.5", "Ex_4.4.5", "{A90542E7-44AE-4006-8DA8-7F52D54E02DA}"
EndProject
Project("{FAE04EC0-301F-11D3-BF4B-00C04F79EFBC}") = "Ex_4.4.5", "Ex_4.4.5\Ex_4.4.5.csproj", "{DB271D4B-8F72-4AFB-A574-3F0DCAE9E7D6}"
EndProject
Project("{2150E333-8FDC-42A3-9474-1A3956D46DE8}") = "Final_Ex", "Final_Ex", "{C2204F1B-2BD9-4499-8B2C-0C9D82015312}"
EndProject
Project("{FAE04EC0-301F-11D3-BF4B-00C04F79EFBC}") = "Final_Ex", "Final_Ex\Final_Ex.csproj", "{04BCA482-2277-499B-B69F-6B87665D6FED}"
EndProject
Project("{2150E333-8FDC-42A3-9474-1A3956D46DE8}") = "Module 5", "Module 5", "{76EA65FF-045D-4033-AFC6-FFB0C1CEC7A8}"
EndProject
Project("{2150E333-8FDC-42A3-9474-1A3956D46DE8}") = "Ex_5.1", "Ex_5.1", "{C0B8A7BF-4CCD-4252-A466-DAC9D8008E6F}"
EndProject
Project("{FAE04EC0-301F-11D3-BF4B-00C04F79EFBC}") = "Ex_5.1", "Ex_5.1\Ex_5.1.csproj", "{7DE45408-0B94-4007-A6DD-F64FC4962C74}"
EndProject
Project("{2150E333-8FDC-42A3-9474-1A3956D46DE8}") = "Ex_5.2.2", "Ex_5.2.2", "{2FE3CDB6-7607-4F2C-9081-1D9CD97528BB}"
EndProject
Project("{FAE04EC0-301F-11D3-BF4B-00C04F79EFBC}") = "Ex_5.2.2", "Ex_5.2.2\Ex_5.2.2.csproj", "{4C7A7970-FC39-40B8-8AE6-63361DE462A2}"
EndProject
Project("{2150E333-8FDC-42A3-9474-1A3956D46DE8}") = "Ex_5.2.8", "Ex_5.2.8", "{FEFCEEA4-BC39-44DC-B310-08BD2CD9B9F1}"
EndProject
Project("{FAE04EC0-301F-11D3-BF4B-00C04F79EFBC}") = "Ex_5.2.8", "Ex_5.2.8\Ex_5.2.8.csproj", "{AEDA35D5-92B3-4B38-8383-CA278D2456D2}"
EndProject
Project("{2150E333-8FDC-42A3-9474-1A3956D46DE8}") = "Ex_5.3.13", "Ex_5.3.13", "{C4C1B690-19B7-4E56-8F54-331481E0B870}"
EndProject
Project("{FAE04EC0-301F-11D3-BF4B-00C04F79EFBC}") = "Ex_5.3.13", "Ex_5.3.13\Ex_5.3.13.csproj", "{A2D86A40-9FED-4F3D-8C21-79972D3C8A1F}"
EndProject
Project("{2150E333-8FDC-42A3-9474-1A3956D46DE8}") = "Ex_5.5.4", "Ex_5.5.4", "{19E87E99-C984-45F3-9D34-914F7A5E7D9E}"
EndProject
Project("{FAE04EC0-301F-11D3-BF4B-00C04F79EFBC}") = "Ex_5.5.4", "Ex_5.5.\Ex_5.5.4.csproj", "{C67019C5-D046-4500-8DD9-48684C28FAD3}"
EndProject
Project("{2150E333-8FDC-42A3-9474-1A3956D46DE8}") = "Ex_5.5.5.", "Ex_5.5.5.", "{6C5A6F65-6F57-4940-8939-FD7CA882A55D}"
EndProject
Project("{FAE04EC0-301F-11D3-BF4B-00C04F79EFBC}") = "Ex_5.5.5", "Ex_5.5.5\Ex_5.5.5.csproj", "{43515A82-7A4B-4EF2-B221-21D5A98B0A9D}"
EndProject
Project("{2150E333-8FDC-42A3-9474-1A3956D46DE8}") = "Modul_5_Homework", "Modul_5_Homework", "{3E189953-D466-48C3-8AFD-93D56ED319BC}"
EndProject
Project("{FAE04EC0-301F-11D3-BF4B-00C04F79EFBC}") = "M_5_Homework", "M_5_Homework\M_5_Homework.csproj", "{7C9B790D-FF89-449F-8164-7635D610D310}"
EndProject
Project("{2150E333-8FDC-42A3-9474-1A3956D46DE8}") = "Ex_5.5.8", "Ex_5.5.8", "{9655EBC3-F756-46F7-ADC9-F313A1953BAE}"
EndProject
Project("{FAE04EC0-301F-11D3-BF4B-00C04F79EFBC}") = "Ex_5.5.8", "Ex_5.5.8\Ex_5.5.8.csproj", "{DA723531-8275-4DE0-97F7-3914821C169A}"
EndProject
Global
	GlobalSection(SolutionConfigurationPlatforms) = preSolution
		Debug|Any CPU = Debug|Any CPU
		Release|Any CPU = Release|Any CPU
	EndGlobalSection
	GlobalSection(ProjectConfigurationPlatforms) = postSolution
		{4E9AE1CB-3852-4719-9AA7-CDA603BEA86B}.Debug|Any CPU.ActiveCfg = Debug|Any CPU
		{4E9AE1CB-3852-4719-9AA7-CDA603BEA86B}.Debug|Any CPU.Build.0 = Debug|Any CPU
		{4E9AE1CB-3852-4719-9AA7-CDA603BEA86B}.Release|Any CPU.ActiveCfg = Release|Any CPU
		{4E9AE1CB-3852-4719-9AA7-CDA603BEA86B}.Release|Any CPU.Build.0 = Release|Any CPU
		{138586C7-B6AE-42BC-B771-C7C04EF70733}.Debug|Any CPU.ActiveCfg = Debug|Any CPU
		{138586C7-B6AE-42BC-B771-C7C04EF70733}.Debug|Any CPU.Build.0 = Debug|Any CPU
		{138586C7-B6AE-42BC-B771-C7C04EF70733}.Release|Any CPU.ActiveCfg = Release|Any CPU
		{138586C7-B6AE-42BC-B771-C7C04EF70733}.Release|Any CPU.Build.0 = Release|Any CPU
		{FFD266EB-81C9-416C-A82D-19A8A7D2EDE6}.Debug|Any CPU.ActiveCfg = Debug|Any CPU
		{FFD266EB-81C9-416C-A82D-19A8A7D2EDE6}.Debug|Any CPU.Build.0 = Debug|Any CPU
		{FFD266EB-81C9-416C-A82D-19A8A7D2EDE6}.Release|Any CPU.ActiveCfg = Release|Any CPU
		{FFD266EB-81C9-416C-A82D-19A8A7D2EDE6}.Release|Any CPU.Build.0 = Release|Any CPU
		{763D4F7D-1B7B-4CAE-BD64-CE1D796352C1}.Debug|Any CPU.ActiveCfg = Debug|Any CPU
		{763D4F7D-1B7B-4CAE-BD64-CE1D796352C1}.Debug|Any CPU.Build.0 = Debug|Any CPU
		{763D4F7D-1B7B-4CAE-BD64-CE1D796352C1}.Release|Any CPU.ActiveCfg = Release|Any CPU
		{763D4F7D-1B7B-4CAE-BD64-CE1D796352C1}.Release|Any CPU.Build.0 = Release|Any CPU
		{A88061AC-7AAE-4C33-BD92-8BE4F6185480}.Debug|Any CPU.ActiveCfg = Debug|Any CPU
		{A88061AC-7AAE-4C33-BD92-8BE4F6185480}.Debug|Any CPU.Build.0 = Debug|Any CPU
		{A88061AC-7AAE-4C33-BD92-8BE4F6185480}.Release|Any CPU.ActiveCfg = Release|Any CPU
		{A88061AC-7AAE-4C33-BD92-8BE4F6185480}.Release|Any CPU.Build.0 = Release|Any CPU
		{2C32FD69-CB30-4572-91B4-928E08615D5B}.Debug|Any CPU.ActiveCfg = Debug|Any CPU
		{2C32FD69-CB30-4572-91B4-928E08615D5B}.Debug|Any CPU.Build.0 = Debug|Any CPU
		{2C32FD69-CB30-4572-91B4-928E08615D5B}.Release|Any CPU.ActiveCfg = Release|Any CPU
		{2C32FD69-CB30-4572-91B4-928E08615D5B}.Release|Any CPU.Build.0 = Release|Any CPU
		{5526ABCB-C643-42DB-9533-040EAEF151C0}.Debug|Any CPU.ActiveCfg = Debug|Any CPU
		{5526ABCB-C643-42DB-9533-040EAEF151C0}.Debug|Any CPU.Build.0 = Debug|Any CPU
		{5526ABCB-C643-42DB-9533-040EAEF151C0}.Release|Any CPU.ActiveCfg = Release|Any CPU
		{5526ABCB-C643-42DB-9533-040EAEF151C0}.Release|Any CPU.Build.0 = Release|Any CPU
		{C4684E64-817B-40DE-B5EC-3346A164EBAC}.Debug|Any CPU.ActiveCfg = Debug|Any CPU
		{C4684E64-817B-40DE-B5EC-3346A164EBAC}.Debug|Any CPU.Build.0 = Debug|Any CPU
		{C4684E64-817B-40DE-B5EC-3346A164EBAC}.Release|Any CPU.ActiveCfg = Release|Any CPU
		{C4684E64-817B-40DE-B5EC-3346A164EBAC}.Release|Any CPU.Build.0 = Release|Any CPU
		{38E8C8E7-316E-414D-A063-60A92ED97867}.Debug|Any CPU.ActiveCfg = Debug|Any CPU
		{38E8C8E7-316E-414D-A063-60A92ED97867}.Debug|Any CPU.Build.0 = Debug|Any CPU
		{38E8C8E7-316E-414D-A063-60A92ED97867}.Release|Any CPU.ActiveCfg = Release|Any CPU
		{38E8C8E7-316E-414D-A063-60A92ED97867}.Release|Any CPU.Build.0 = Release|Any CPU
		{BE5EDA63-D2D8-4EEB-BEC8-654C308594C5}.Debug|Any CPU.ActiveCfg = Debug|Any CPU
		{BE5EDA63-D2D8-4EEB-BEC8-654C308594C5}.Debug|Any CPU.Build.0 = Debug|Any CPU
		{BE5EDA63-D2D8-4EEB-BEC8-654C308594C5}.Release|Any CPU.ActiveCfg = Release|Any CPU
		{BE5EDA63-D2D8-4EEB-BEC8-654C308594C5}.Release|Any CPU.Build.0 = Release|Any CPU
		{F2DE19E3-C89B-4C98-BD45-729619842DAF}.Debug|Any CPU.ActiveCfg = Debug|Any CPU
		{F2DE19E3-C89B-4C98-BD45-729619842DAF}.Debug|Any CPU.Build.0 = Debug|Any CPU
		{F2DE19E3-C89B-4C98-BD45-729619842DAF}.Release|Any CPU.ActiveCfg = Release|Any CPU
		{F2DE19E3-C89B-4C98-BD45-729619842DAF}.Release|Any CPU.Build.0 = Release|Any CPU
		{34E256B7-557D-4563-9CBC-5D17ECB400EC}.Debug|Any CPU.ActiveCfg = Debug|Any CPU
		{34E256B7-557D-4563-9CBC-5D17ECB400EC}.Debug|Any CPU.Build.0 = Debug|Any CPU
		{34E256B7-557D-4563-9CBC-5D17ECB400EC}.Release|Any CPU.ActiveCfg = Release|Any CPU
		{34E256B7-557D-4563-9CBC-5D17ECB400EC}.Release|Any CPU.Build.0 = Release|Any CPU
		{10D24B7D-1B65-4D5A-A707-6D45B640EC8D}.Debug|Any CPU.ActiveCfg = Debug|Any CPU
		{10D24B7D-1B65-4D5A-A707-6D45B640EC8D}.Debug|Any CPU.Build.0 = Debug|Any CPU
		{10D24B7D-1B65-4D5A-A707-6D45B640EC8D}.Release|Any CPU.ActiveCfg = Release|Any CPU
		{10D24B7D-1B65-4D5A-A707-6D45B640EC8D}.Release|Any CPU.Build.0 = Release|Any CPU
		{F00BFA57-3241-4D5A-9581-4358CAEE6144}.Debug|Any CPU.ActiveCfg = Debug|Any CPU
		{F00BFA57-3241-4D5A-9581-4358CAEE6144}.Debug|Any CPU.Build.0 = Debug|Any CPU
		{F00BFA57-3241-4D5A-9581-4358CAEE6144}.Release|Any CPU.ActiveCfg = Release|Any CPU
		{F00BFA57-3241-4D5A-9581-4358CAEE6144}.Release|Any CPU.Build.0 = Release|Any CPU
		{DB271D4B-8F72-4AFB-A574-3F0DCAE9E7D6}.Debug|Any CPU.ActiveCfg = Debug|Any CPU
		{DB271D4B-8F72-4AFB-A574-3F0DCAE9E7D6}.Debug|Any CPU.Build.0 = Debug|Any CPU
		{DB271D4B-8F72-4AFB-A574-3F0DCAE9E7D6}.Release|Any CPU.ActiveCfg = Release|Any CPU
		{DB271D4B-8F72-4AFB-A574-3F0DCAE9E7D6}.Release|Any CPU.Build.0 = Release|Any CPU
		{04BCA482-2277-499B-B69F-6B87665D6FED}.Debug|Any CPU.ActiveCfg = Debug|Any CPU
		{04BCA482-2277-499B-B69F-6B87665D6FED}.Debug|Any CPU.Build.0 = Debug|Any CPU
		{04BCA482-2277-499B-B69F-6B87665D6FED}.Release|Any CPU.ActiveCfg = Release|Any CPU
		{04BCA482-2277-499B-B69F-6B87665D6FED}.Release|Any CPU.Build.0 = Release|Any CPU
		{7DE45408-0B94-4007-A6DD-F64FC4962C74}.Debug|Any CPU.ActiveCfg = Debug|Any CPU
		{7DE45408-0B94-4007-A6DD-F64FC4962C74}.Debug|Any CPU.Build.0 = Debug|Any CPU
		{7DE45408-0B94-4007-A6DD-F64FC4962C74}.Release|Any CPU.ActiveCfg = Release|Any CPU
		{7DE45408-0B94-4007-A6DD-F64FC4962C74}.Release|Any CPU.Build.0 = Release|Any CPU
		{4C7A7970-FC39-40B8-8AE6-63361DE462A2}.Debug|Any CPU.ActiveCfg = Debug|Any CPU
		{4C7A7970-FC39-40B8-8AE6-63361DE462A2}.Debug|Any CPU.Build.0 = Debug|Any CPU
		{4C7A7970-FC39-40B8-8AE6-63361DE462A2}.Release|Any CPU.ActiveCfg = Release|Any CPU
		{4C7A7970-FC39-40B8-8AE6-63361DE462A2}.Release|Any CPU.Build.0 = Release|Any CPU
		{AEDA35D5-92B3-4B38-8383-CA278D2456D2}.Debug|Any CPU.ActiveCfg = Debug|Any CPU
		{AEDA35D5-92B3-4B38-8383-CA278D2456D2}.Debug|Any CPU.Build.0 = Debug|Any CPU
		{AEDA35D5-92B3-4B38-8383-CA278D2456D2}.Release|Any CPU.ActiveCfg = Release|Any CPU
		{AEDA35D5-92B3-4B38-8383-CA278D2456D2}.Release|Any CPU.Build.0 = Release|Any CPU
		{A2D86A40-9FED-4F3D-8C21-79972D3C8A1F}.Debug|Any CPU.ActiveCfg = Debug|Any CPU
		{A2D86A40-9FED-4F3D-8C21-79972D3C8A1F}.Debug|Any CPU.Build.0 = Debug|Any CPU
		{A2D86A40-9FED-4F3D-8C21-79972D3C8A1F}.Release|Any CPU.ActiveCfg = Release|Any CPU
		{A2D86A40-9FED-4F3D-8C21-79972D3C8A1F}.Release|Any CPU.Build.0 = Release|Any CPU
		{C67019C5-D046-4500-8DD9-48684C28FAD3}.Debug|Any CPU.ActiveCfg = Debug|Any CPU
		{C67019C5-D046-4500-8DD9-48684C28FAD3}.Debug|Any CPU.Build.0 = Debug|Any CPU
		{C67019C5-D046-4500-8DD9-48684C28FAD3}.Release|Any CPU.ActiveCfg = Release|Any CPU
		{C67019C5-D046-4500-8DD9-48684C28FAD3}.Release|Any CPU.Build.0 = Release|Any CPU
		{43515A82-7A4B-4EF2-B221-21D5A98B0A9D}.Debug|Any CPU.ActiveCfg = Debug|Any CPU
		{43515A82-7A4B-4EF2-B221-21D5A98B0A9D}.Debug|Any CPU.Build.0 = Debug|Any CPU
		{43515A82-7A4B-4EF2-B221-21D5A98B0A9D}.Release|Any CPU.ActiveCfg = Release|Any CPU
		{43515A82-7A4B-4EF2-B221-21D5A98B0A9D}.Release|Any CPU.Build.0 = Release|Any CPU
		{7C9B790D-FF89-449F-8164-7635D610D310}.Debug|Any CPU.ActiveCfg = Debug|Any CPU
		{7C9B790D-FF89-449F-8164-7635D610D310}.Debug|Any CPU.Build.0 = Debug|Any CPU
		{7C9B790D-FF89-449F-8164-7635D610D310}.Release|Any CPU.ActiveCfg = Release|Any CPU
		{7C9B790D-FF89-449F-8164-7635D610D310}.Release|Any CPU.Build.0 = Release|Any CPU
		{DA723531-8275-4DE0-97F7-3914821C169A}.Debug|Any CPU.ActiveCfg = Debug|Any CPU
		{DA723531-8275-4DE0-97F7-3914821C169A}.Debug|Any CPU.Build.0 = Debug|Any CPU
		{DA723531-8275-4DE0-97F7-3914821C169A}.Release|Any CPU.ActiveCfg = Release|Any CPU
		{DA723531-8275-4DE0-97F7-3914821C169A}.Release|Any CPU.Build.0 = Release|Any CPU
	EndGlobalSection
	GlobalSection(SolutionProperties) = preSolution
		HideSolutionNode = FALSE
	EndGlobalSection
	GlobalSection(NestedProjects) = preSolution
		{4E9AE1CB-3852-4719-9AA7-CDA603BEA86B} = {7CD98D03-3CE5-47D7-8F2A-ECA2EBA001FA}
		{7CD98D03-3CE5-47D7-8F2A-ECA2EBA001FA} = {44E6CE0A-96F2-4523-A84A-FD70E5C0E109}
		{BA6360E7-E90F-4858-8814-33DCBC43F7E5} = {44E6CE0A-96F2-4523-A84A-FD70E5C0E109}
		{138586C7-B6AE-42BC-B771-C7C04EF70733} = {BA6360E7-E90F-4858-8814-33DCBC43F7E5}
		{6B9E255A-ABDB-4BE0-92B7-71E25E436828} = {44E6CE0A-96F2-4523-A84A-FD70E5C0E109}
		{FFD266EB-81C9-416C-A82D-19A8A7D2EDE6} = {6B9E255A-ABDB-4BE0-92B7-71E25E436828}
		{E7C7BFAE-7CFE-40C3-9967-ECFCDFC0B3AC} = {44E6CE0A-96F2-4523-A84A-FD70E5C0E109}
		{763D4F7D-1B7B-4CAE-BD64-CE1D796352C1} = {E7C7BFAE-7CFE-40C3-9967-ECFCDFC0B3AC}
		{D83CCDD3-4F99-4CB3-B081-66F20F06C4E8} = {44E6CE0A-96F2-4523-A84A-FD70E5C0E109}
		{A88061AC-7AAE-4C33-BD92-8BE4F6185480} = {D83CCDD3-4F99-4CB3-B081-66F20F06C4E8}
		{F1094124-5AB0-47B9-BD73-6206EC335EF0} = {E7EF882F-D482-4BCC-BFD3-D98BEBCE9360}
		{2C32FD69-CB30-4572-91B4-928E08615D5B} = {F1094124-5AB0-47B9-BD73-6206EC335EF0}
		{A73462CC-69B4-465F-9603-3023FC9038DA} = {E7EF882F-D482-4BCC-BFD3-D98BEBCE9360}
		{5526ABCB-C643-42DB-9533-040EAEF151C0} = {A73462CC-69B4-465F-9603-3023FC9038DA}
		{F1B55E7F-0CA8-42BE-BACB-39BB78B20433} = {E7EF882F-D482-4BCC-BFD3-D98BEBCE9360}
		{C4684E64-817B-40DE-B5EC-3346A164EBAC} = {F1B55E7F-0CA8-42BE-BACB-39BB78B20433}
		{84C3CAED-4068-4101-9407-CEA00AD0315F} = {E7EF882F-D482-4BCC-BFD3-D98BEBCE9360}
		{38E8C8E7-316E-414D-A063-60A92ED97867} = {84C3CAED-4068-4101-9407-CEA00AD0315F}
		{29CE6333-1434-4BF5-B240-D2A43A602362} = {E7EF882F-D482-4BCC-BFD3-D98BEBCE9360}
		{BE5EDA63-D2D8-4EEB-BEC8-654C308594C5} = {29CE6333-1434-4BF5-B240-D2A43A602362}
		{578C5C73-FB21-4C7E-9FF5-8BCE4F8AED98} = {E7EF882F-D482-4BCC-BFD3-D98BEBCE9360}
		{F2DE19E3-C89B-4C98-BD45-729619842DAF} = {578C5C73-FB21-4C7E-9FF5-8BCE4F8AED98}
		{2E4B4450-806A-4323-955A-7BC1E44EEB0A} = {E7EF882F-D482-4BCC-BFD3-D98BEBCE9360}
		{34E256B7-557D-4563-9CBC-5D17ECB400EC} = {2E4B4450-806A-4323-955A-7BC1E44EEB0A}
		{3D28C01D-C66A-41DE-91F9-97308D3B1965} = {E7EF882F-D482-4BCC-BFD3-D98BEBCE9360}
		{10D24B7D-1B65-4D5A-A707-6D45B640EC8D} = {3D28C01D-C66A-41DE-91F9-97308D3B1965}
		{64F8CB6A-655D-4964-93F5-903A5C6AF24F} = {E7EF882F-D482-4BCC-BFD3-D98BEBCE9360}
		{F00BFA57-3241-4D5A-9581-4358CAEE6144} = {64F8CB6A-655D-4964-93F5-903A5C6AF24F}
		{A90542E7-44AE-4006-8DA8-7F52D54E02DA} = {E7EF882F-D482-4BCC-BFD3-D98BEBCE9360}
		{DB271D4B-8F72-4AFB-A574-3F0DCAE9E7D6} = {A90542E7-44AE-4006-8DA8-7F52D54E02DA}
		{C2204F1B-2BD9-4499-8B2C-0C9D82015312} = {E7EF882F-D482-4BCC-BFD3-D98BEBCE9360}
		{04BCA482-2277-499B-B69F-6B87665D6FED} = {C2204F1B-2BD9-4499-8B2C-0C9D82015312}
		{C0B8A7BF-4CCD-4252-A466-DAC9D8008E6F} = {76EA65FF-045D-4033-AFC6-FFB0C1CEC7A8}
		{7DE45408-0B94-4007-A6DD-F64FC4962C74} = {C0B8A7BF-4CCD-4252-A466-DAC9D8008E6F}
		{2FE3CDB6-7607-4F2C-9081-1D9CD97528BB} = {76EA65FF-045D-4033-AFC6-FFB0C1CEC7A8}
		{4C7A7970-FC39-40B8-8AE6-63361DE462A2} = {2FE3CDB6-7607-4F2C-9081-1D9CD97528BB}
		{FEFCEEA4-BC39-44DC-B310-08BD2CD9B9F1} = {76EA65FF-045D-4033-AFC6-FFB0C1CEC7A8}
		{AEDA35D5-92B3-4B38-8383-CA278D2456D2} = {FEFCEEA4-BC39-44DC-B310-08BD2CD9B9F1}
		{C4C1B690-19B7-4E56-8F54-331481E0B870} = {76EA65FF-045D-4033-AFC6-FFB0C1CEC7A8}
		{A2D86A40-9FED-4F3D-8C21-79972D3C8A1F} = {C4C1B690-19B7-4E56-8F54-331481E0B870}
		{19E87E99-C984-45F3-9D34-914F7A5E7D9E} = {76EA65FF-045D-4033-AFC6-FFB0C1CEC7A8}
		{C67019C5-D046-4500-8DD9-48684C28FAD3} = {19E87E99-C984-45F3-9D34-914F7A5E7D9E}
		{6C5A6F65-6F57-4940-8939-FD7CA882A55D} = {76EA65FF-045D-4033-AFC6-FFB0C1CEC7A8}
		{43515A82-7A4B-4EF2-B221-21D5A98B0A9D} = {6C5A6F65-6F57-4940-8939-FD7CA882A55D}
		{3E189953-D466-48C3-8AFD-93D56ED319BC} = {76EA65FF-045D-4033-AFC6-FFB0C1CEC7A8}
		{7C9B790D-FF89-449F-8164-7635D610D310} = {3E189953-D466-48C3-8AFD-93D56ED319BC}
		{9655EBC3-F756-46F7-ADC9-F313A1953BAE} = {76EA65FF-045D-4033-AFC6-FFB0C1CEC7A8}
		{DA723531-8275-4DE0-97F7-3914821C169A} = {9655EBC3-F756-46F7-ADC9-F313A1953BAE}
	EndGlobalSection
	GlobalSection(ExtensibilityGlobals) = postSolution
		SolutionGuid = {76411D77-ACB9-4A08-8204-A6847D7F651E}
	EndGlobalSection
EndGlobal
